// !$*UTF8*$!
{
	archiveVersion = 1;
	classes = {
	};
	objectVersion = 46;
	objects = {

/* Begin PBXBuildFile section */
		8431E7471E71BE060026D752 /* RootViewController.swift in Sources */ = {isa = PBXBuildFile; fileRef = 8431E7461E71BE060026D752 /* RootViewController.swift */; };
		8431E7501E71BE380026D752 /* CommentsEndpoints.swift in Sources */ = {isa = PBXBuildFile; fileRef = 8431E7491E71BE380026D752 /* CommentsEndpoints.swift */; };
		8431E7511E71BE380026D752 /* LikesEndpoints.swift in Sources */ = {isa = PBXBuildFile; fileRef = 8431E74A1E71BE380026D752 /* LikesEndpoints.swift */; };
		8431E7521E71BE380026D752 /* LocationsEndpoints.swift in Sources */ = {isa = PBXBuildFile; fileRef = 8431E74B1E71BE380026D752 /* LocationsEndpoints.swift */; };
		8431E7531E71BE380026D752 /* MediaEndpoints.swift in Sources */ = {isa = PBXBuildFile; fileRef = 8431E74C1E71BE380026D752 /* MediaEndpoints.swift */; };
		8431E7541E71BE380026D752 /* RelationshipsEndpoints.swift in Sources */ = {isa = PBXBuildFile; fileRef = 8431E74D1E71BE380026D752 /* RelationshipsEndpoints.swift */; };
		8431E7551E71BE380026D752 /* TagsEndpoints.swift in Sources */ = {isa = PBXBuildFile; fileRef = 8431E74E1E71BE380026D752 /* TagsEndpoints.swift */; };
		8431E7561E71BE380026D752 /* UsersEndpoints.swift in Sources */ = {isa = PBXBuildFile; fileRef = 8431E74F1E71BE380026D752 /* UsersEndpoints.swift */; };
		848ACE251EB8EF87005309F0 /* Reachability.swift in Sources */ = {isa = PBXBuildFile; fileRef = 848ACE241EB8EF87005309F0 /* Reachability.swift */; };
		921DA8A91E2CAEBC00AC7C7C /* InstagramRequest.swift in Sources */ = {isa = PBXBuildFile; fileRef = 921DA8A81E2CAEBC00AC7C7C /* InstagramRequest.swift */; };
		924C13971E83048F00F492AD /* InstagramObject+Utilities.swift in Sources */ = {isa = PBXBuildFile; fileRef = 924C13961E83048F00F492AD /* InstagramObject+Utilities.swift */; };
		92649A181E06CEF3006EC686 /* Date+Extension.swift in Sources */ = {isa = PBXBuildFile; fileRef = 92649A161E06CEF3006EC686 /* Date+Extension.swift */; };
		92649A191E06CEF3006EC686 /* DateFormatter+Extension.swift in Sources */ = {isa = PBXBuildFile; fileRef = 92649A171E06CEF3006EC686 /* DateFormatter+Extension.swift */; };
		92649A1B1E06CF09006EC686 /* String+Extensions.swift in Sources */ = {isa = PBXBuildFile; fileRef = 92649A1A1E06CF09006EC686 /* String+Extensions.swift */; };
		9282E7A81DFDF9F700B7ACF3 /* AppDelegate.swift in Sources */ = {isa = PBXBuildFile; fileRef = 9282E7A71DFDF9F700B7ACF3 /* AppDelegate.swift */; };
		9282E7AD1DFDF9F700B7ACF3 /* Main.storyboard in Resources */ = {isa = PBXBuildFile; fileRef = 9282E7AB1DFDF9F700B7ACF3 /* Main.storyboard */; };
		9282E7AF1DFDF9F700B7ACF3 /* Assets.xcassets in Resources */ = {isa = PBXBuildFile; fileRef = 9282E7AE1DFDF9F700B7ACF3 /* Assets.xcassets */; };
		9282E7B21DFDF9F700B7ACF3 /* LaunchScreen.storyboard in Resources */ = {isa = PBXBuildFile; fileRef = 9282E7B01DFDF9F700B7ACF3 /* LaunchScreen.storyboard */; };
		9282E7D61DFDFA5B00B7ACF3 /* Instagram.swift in Sources */ = {isa = PBXBuildFile; fileRef = 9282E7BA1DFDFA5B00B7ACF3 /* Instagram.swift */; };
		9282E7D81DFDFA5B00B7ACF3 /* InstagramComment.swift in Sources */ = {isa = PBXBuildFile; fileRef = 9282E7BF1DFDFA5B00B7ACF3 /* InstagramComment.swift */; };
		9282E7D91DFDFA5B00B7ACF3 /* InstagramLike.swift in Sources */ = {isa = PBXBuildFile; fileRef = 9282E7C01DFDFA5B00B7ACF3 /* InstagramLike.swift */; };
		9282E7DA1DFDFA5B00B7ACF3 /* InstagramLocation.swift in Sources */ = {isa = PBXBuildFile; fileRef = 9282E7C11DFDFA5B00B7ACF3 /* InstagramLocation.swift */; };
		9282E7DB1DFDFA5B00B7ACF3 /* InstagramMedia.swift in Sources */ = {isa = PBXBuildFile; fileRef = 9282E7C21DFDFA5B00B7ACF3 /* InstagramMedia.swift */; };
		9282E7DD1DFDFA5B00B7ACF3 /* InstagramTag.swift in Sources */ = {isa = PBXBuildFile; fileRef = 9282E7C41DFDFA5B00B7ACF3 /* InstagramTag.swift */; };
		9282E7DE1DFDFA5B00B7ACF3 /* InstagramUser.swift in Sources */ = {isa = PBXBuildFile; fileRef = 9282E7C51DFDFA5B00B7ACF3 /* InstagramUser.swift */; };
		9282E7DF1DFDFA5B00B7ACF3 /* InstagramConstants.swift in Sources */ = {isa = PBXBuildFile; fileRef = 9282E7C71DFDFA5B00B7ACF3 /* InstagramConstants.swift */; };
		9282E7E01DFDFA5B00B7ACF3 /* InstagramNetworkClient.swift in Sources */ = {isa = PBXBuildFile; fileRef = 9282E7C81DFDFA5B00B7ACF3 /* InstagramNetworkClient.swift */; };
		9282E7E11DFDFA5B00B7ACF3 /* InstagramResponse.swift in Sources */ = {isa = PBXBuildFile; fileRef = 9282E7C91DFDFA5B00B7ACF3 /* InstagramResponse.swift */; };
		CC810FC75CEF97D19CEECE3D /* Pods_InstagramAPI.framework in Frameworks */ = {isa = PBXBuildFile; fileRef = 08119A51AC04B8E0D9596D2F /* Pods_InstagramAPI.framework */; };
		D76100661E3F9E9C005CB7A3 /* RequestCell.swift in Sources */ = {isa = PBXBuildFile; fileRef = D76100641E3F9E9C005CB7A3 /* RequestCell.swift */; };
		D76100671E3F9E9C005CB7A3 /* RequestViewController.swift in Sources */ = {isa = PBXBuildFile; fileRef = D76100651E3F9E9C005CB7A3 /* RequestViewController.swift */; };
		D761006D1E3F9EAC005CB7A3 /* UserMediaCell.swift in Sources */ = {isa = PBXBuildFile; fileRef = D76100681E3F9EAC005CB7A3 /* UserMediaCell.swift */; };
		D761006E1E3F9EAC005CB7A3 /* UserMediaViewController.swift in Sources */ = {isa = PBXBuildFile; fileRef = D76100691E3F9EAC005CB7A3 /* UserMediaViewController.swift */; };
		D761006F1E3F9EAC005CB7A3 /* UserSearchCell.swift in Sources */ = {isa = PBXBuildFile; fileRef = D761006A1E3F9EAC005CB7A3 /* UserSearchCell.swift */; };
		D76100701E3F9EAC005CB7A3 /* UserSearchViewController.swift in Sources */ = {isa = PBXBuildFile; fileRef = D761006B1E3F9EAC005CB7A3 /* UserSearchViewController.swift */; };
		D76100711E3F9EAC005CB7A3 /* UserViewController.swift in Sources */ = {isa = PBXBuildFile; fileRef = D761006C1E3F9EAC005CB7A3 /* UserViewController.swift */; };
/* End PBXBuildFile section */

/* Begin PBXFileReference section */
		08119A51AC04B8E0D9596D2F /* Pods_InstagramAPI.framework */ = {isa = PBXFileReference; explicitFileType = wrapper.framework; includeInIndex = 0; path = Pods_InstagramAPI.framework; sourceTree = BUILT_PRODUCTS_DIR; };
		8431E7461E71BE060026D752 /* RootViewController.swift */ = {isa = PBXFileReference; fileEncoding = 4; lastKnownFileType = sourcecode.swift; name = RootViewController.swift; path = Example/RootViewController.swift; sourceTree = "<group>"; };
		8431E7491E71BE380026D752 /* CommentsEndpoints.swift */ = {isa = PBXFileReference; fileEncoding = 4; lastKnownFileType = sourcecode.swift; path = CommentsEndpoints.swift; sourceTree = "<group>"; };
		8431E74A1E71BE380026D752 /* LikesEndpoints.swift */ = {isa = PBXFileReference; fileEncoding = 4; lastKnownFileType = sourcecode.swift; path = LikesEndpoints.swift; sourceTree = "<group>"; };
		8431E74B1E71BE380026D752 /* LocationsEndpoints.swift */ = {isa = PBXFileReference; fileEncoding = 4; lastKnownFileType = sourcecode.swift; path = LocationsEndpoints.swift; sourceTree = "<group>"; };
		8431E74C1E71BE380026D752 /* MediaEndpoints.swift */ = {isa = PBXFileReference; fileEncoding = 4; lastKnownFileType = sourcecode.swift; path = MediaEndpoints.swift; sourceTree = "<group>"; };
		8431E74D1E71BE380026D752 /* RelationshipsEndpoints.swift */ = {isa = PBXFileReference; fileEncoding = 4; lastKnownFileType = sourcecode.swift; path = RelationshipsEndpoints.swift; sourceTree = "<group>"; };
		8431E74E1E71BE380026D752 /* TagsEndpoints.swift */ = {isa = PBXFileReference; fileEncoding = 4; lastKnownFileType = sourcecode.swift; path = TagsEndpoints.swift; sourceTree = "<group>"; };
		8431E74F1E71BE380026D752 /* UsersEndpoints.swift */ = {isa = PBXFileReference; fileEncoding = 4; lastKnownFileType = sourcecode.swift; path = UsersEndpoints.swift; sourceTree = "<group>"; };
		848ACE241EB8EF87005309F0 /* Reachability.swift */ = {isa = PBXFileReference; fileEncoding = 4; lastKnownFileType = sourcecode.swift; path = Reachability.swift; sourceTree = "<group>"; };
		921DA8A81E2CAEBC00AC7C7C /* InstagramRequest.swift */ = {isa = PBXFileReference; fileEncoding = 4; lastKnownFileType = sourcecode.swift; path = InstagramRequest.swift; sourceTree = "<group>"; };
		924C13961E83048F00F492AD /* InstagramObject+Utilities.swift */ = {isa = PBXFileReference; fileEncoding = 4; lastKnownFileType = sourcecode.swift; path = "InstagramObject+Utilities.swift"; sourceTree = "<group>"; };
		92649A161E06CEF3006EC686 /* Date+Extension.swift */ = {isa = PBXFileReference; fileEncoding = 4; lastKnownFileType = sourcecode.swift; path = "Date+Extension.swift"; sourceTree = "<group>"; };
		92649A171E06CEF3006EC686 /* DateFormatter+Extension.swift */ = {isa = PBXFileReference; fileEncoding = 4; lastKnownFileType = sourcecode.swift; path = "DateFormatter+Extension.swift"; sourceTree = "<group>"; };
		92649A1A1E06CF09006EC686 /* String+Extensions.swift */ = {isa = PBXFileReference; fileEncoding = 4; lastKnownFileType = sourcecode.swift; path = "String+Extensions.swift"; sourceTree = "<group>"; };
		92649A1C1E06DBF8006EC686 /* InstagramAPI.entitlements */ = {isa = PBXFileReference; lastKnownFileType = text.plist.entitlements; path = InstagramAPI.entitlements; sourceTree = "<group>"; };
		9282E7A41DFDF9F700B7ACF3 /* InstagramAPI.app */ = {isa = PBXFileReference; explicitFileType = wrapper.application; includeInIndex = 0; path = InstagramAPI.app; sourceTree = BUILT_PRODUCTS_DIR; };
		9282E7A71DFDF9F700B7ACF3 /* AppDelegate.swift */ = {isa = PBXFileReference; lastKnownFileType = sourcecode.swift; path = AppDelegate.swift; sourceTree = "<group>"; };
		9282E7AC1DFDF9F700B7ACF3 /* Base */ = {isa = PBXFileReference; lastKnownFileType = file.storyboard; name = Base; path = Base.lproj/Main.storyboard; sourceTree = "<group>"; };
		9282E7AE1DFDF9F700B7ACF3 /* Assets.xcassets */ = {isa = PBXFileReference; lastKnownFileType = folder.assetcatalog; path = Assets.xcassets; sourceTree = "<group>"; };
		9282E7B11DFDF9F700B7ACF3 /* Base */ = {isa = PBXFileReference; lastKnownFileType = file.storyboard; name = Base; path = Base.lproj/LaunchScreen.storyboard; sourceTree = "<group>"; };
		9282E7B31DFDF9F700B7ACF3 /* Info.plist */ = {isa = PBXFileReference; lastKnownFileType = text.plist.xml; path = Info.plist; sourceTree = "<group>"; };
		9282E7BA1DFDFA5B00B7ACF3 /* Instagram.swift */ = {isa = PBXFileReference; fileEncoding = 4; lastKnownFileType = sourcecode.swift; path = Instagram.swift; sourceTree = "<group>"; };
		9282E7BF1DFDFA5B00B7ACF3 /* InstagramComment.swift */ = {isa = PBXFileReference; fileEncoding = 4; lastKnownFileType = sourcecode.swift; path = InstagramComment.swift; sourceTree = "<group>"; };
		9282E7C01DFDFA5B00B7ACF3 /* InstagramLike.swift */ = {isa = PBXFileReference; fileEncoding = 4; lastKnownFileType = sourcecode.swift; path = InstagramLike.swift; sourceTree = "<group>"; };
		9282E7C11DFDFA5B00B7ACF3 /* InstagramLocation.swift */ = {isa = PBXFileReference; fileEncoding = 4; lastKnownFileType = sourcecode.swift; path = InstagramLocation.swift; sourceTree = "<group>"; };
		9282E7C21DFDFA5B00B7ACF3 /* InstagramMedia.swift */ = {isa = PBXFileReference; fileEncoding = 4; lastKnownFileType = sourcecode.swift; path = InstagramMedia.swift; sourceTree = "<group>"; };
		9282E7C41DFDFA5B00B7ACF3 /* InstagramTag.swift */ = {isa = PBXFileReference; fileEncoding = 4; lastKnownFileType = sourcecode.swift; path = InstagramTag.swift; sourceTree = "<group>"; };
		9282E7C51DFDFA5B00B7ACF3 /* InstagramUser.swift */ = {isa = PBXFileReference; fileEncoding = 4; lastKnownFileType = sourcecode.swift; path = InstagramUser.swift; sourceTree = "<group>"; };
		9282E7C71DFDFA5B00B7ACF3 /* InstagramConstants.swift */ = {isa = PBXFileReference; fileEncoding = 4; lastKnownFileType = sourcecode.swift; path = InstagramConstants.swift; sourceTree = "<group>"; };
		9282E7C81DFDFA5B00B7ACF3 /* InstagramNetworkClient.swift */ = {isa = PBXFileReference; fileEncoding = 4; lastKnownFileType = sourcecode.swift; path = InstagramNetworkClient.swift; sourceTree = "<group>"; };
		9282E7C91DFDFA5B00B7ACF3 /* InstagramResponse.swift */ = {isa = PBXFileReference; fileEncoding = 4; lastKnownFileType = sourcecode.swift; path = InstagramResponse.swift; sourceTree = "<group>"; };
		B95F3BE642A2E5080D9D4100 /* Pods-InstagramAPI.debug.xcconfig */ = {isa = PBXFileReference; includeInIndex = 1; lastKnownFileType = text.xcconfig; name = "Pods-InstagramAPI.debug.xcconfig"; path = "Pods/Target Support Files/Pods-InstagramAPI/Pods-InstagramAPI.debug.xcconfig"; sourceTree = "<group>"; };
		D76100641E3F9E9C005CB7A3 /* RequestCell.swift */ = {isa = PBXFileReference; fileEncoding = 4; lastKnownFileType = sourcecode.swift; name = RequestCell.swift; path = Example/RequestsList/RequestCell.swift; sourceTree = "<group>"; };
		D76100651E3F9E9C005CB7A3 /* RequestViewController.swift */ = {isa = PBXFileReference; fileEncoding = 4; lastKnownFileType = sourcecode.swift; name = RequestViewController.swift; path = Example/RequestsList/RequestViewController.swift; sourceTree = "<group>"; };
		D76100681E3F9EAC005CB7A3 /* UserMediaCell.swift */ = {isa = PBXFileReference; fileEncoding = 4; lastKnownFileType = sourcecode.swift; name = UserMediaCell.swift; path = Example/User/UserMediaCell.swift; sourceTree = "<group>"; };
		D76100691E3F9EAC005CB7A3 /* UserMediaViewController.swift */ = {isa = PBXFileReference; fileEncoding = 4; lastKnownFileType = sourcecode.swift; name = UserMediaViewController.swift; path = Example/User/UserMediaViewController.swift; sourceTree = "<group>"; };
		D761006A1E3F9EAC005CB7A3 /* UserSearchCell.swift */ = {isa = PBXFileReference; fileEncoding = 4; lastKnownFileType = sourcecode.swift; name = UserSearchCell.swift; path = Example/User/UserSearchCell.swift; sourceTree = "<group>"; };
		D761006B1E3F9EAC005CB7A3 /* UserSearchViewController.swift */ = {isa = PBXFileReference; fileEncoding = 4; lastKnownFileType = sourcecode.swift; name = UserSearchViewController.swift; path = Example/User/UserSearchViewController.swift; sourceTree = "<group>"; };
		D761006C1E3F9EAC005CB7A3 /* UserViewController.swift */ = {isa = PBXFileReference; fileEncoding = 4; lastKnownFileType = sourcecode.swift; name = UserViewController.swift; path = Example/User/UserViewController.swift; sourceTree = "<group>"; };
		E69210C6149D434F18B372DF /* Pods-InstagramAPI.release.xcconfig */ = {isa = PBXFileReference; includeInIndex = 1; lastKnownFileType = text.xcconfig; name = "Pods-InstagramAPI.release.xcconfig"; path = "Pods/Target Support Files/Pods-InstagramAPI/Pods-InstagramAPI.release.xcconfig"; sourceTree = "<group>"; };
/* End PBXFileReference section */

/* Begin PBXFrameworksBuildPhase section */
		9282E7A11DFDF9F700B7ACF3 /* Frameworks */ = {
			isa = PBXFrameworksBuildPhase;
			buildActionMask = 2147483647;
			files = (
				CC810FC75CEF97D19CEECE3D /* Pods_InstagramAPI.framework in Frameworks */,
			);
			runOnlyForDeploymentPostprocessing = 0;
		};
/* End PBXFrameworksBuildPhase section */

/* Begin PBXGroup section */
		10561CA1F55169174EF36333 /* Pods */ = {
			isa = PBXGroup;
			children = (
				B95F3BE642A2E5080D9D4100 /* Pods-InstagramAPI.debug.xcconfig */,
				E69210C6149D434F18B372DF /* Pods-InstagramAPI.release.xcconfig */,
			);
			name = Pods;
			sourceTree = "<group>";
		};
		5B9C65F5CBA6987BA106F3A7 /* Frameworks */ = {
			isa = PBXGroup;
			children = (
				08119A51AC04B8E0D9596D2F /* Pods_InstagramAPI.framework */,
			);
			name = Frameworks;
			sourceTree = "<group>";
		};
		8431E7481E71BE170026D752 /* Endpoints */ = {
			isa = PBXGroup;
			children = (
				8431E74F1E71BE380026D752 /* UsersEndpoints.swift */,
				8431E74D1E71BE380026D752 /* RelationshipsEndpoints.swift */,
				8431E74C1E71BE380026D752 /* MediaEndpoints.swift */,
				8431E7491E71BE380026D752 /* CommentsEndpoints.swift */,
				8431E74A1E71BE380026D752 /* LikesEndpoints.swift */,
				8431E74E1E71BE380026D752 /* TagsEndpoints.swift */,
				8431E74B1E71BE380026D752 /* LocationsEndpoints.swift */,
			);
			name = Endpoints;
			sourceTree = "<group>";
		};
		924C13951E83046500F492AD /* Extensions */ = {
			isa = PBXGroup;
			children = (
				924C13961E83048F00F492AD /* InstagramObject+Utilities.swift */,
			);
			path = Extensions;
			sourceTree = "<group>";
		};
		9282E79B1DFDF9F700B7ACF3 = {
			isa = PBXGroup;
			children = (
				9282E7A61DFDF9F700B7ACF3 /* InstagramAPI */,
				9282E7A51DFDF9F700B7ACF3 /* Products */,
				10561CA1F55169174EF36333 /* Pods */,
				5B9C65F5CBA6987BA106F3A7 /* Frameworks */,
			);
			sourceTree = "<group>";
		};
		9282E7A51DFDF9F700B7ACF3 /* Products */ = {
			isa = PBXGroup;
			children = (
				9282E7A41DFDF9F700B7ACF3 /* InstagramAPI.app */,
			);
			name = Products;
			sourceTree = "<group>";
		};
		9282E7A61DFDF9F700B7ACF3 /* InstagramAPI */ = {
			isa = PBXGroup;
			children = (
				9282E7A71DFDF9F700B7ACF3 /* AppDelegate.swift */,
				92649A1A1E06CF09006EC686 /* String+Extensions.swift */,
				92649A161E06CEF3006EC686 /* Date+Extension.swift */,
				92649A171E06CEF3006EC686 /* DateFormatter+Extension.swift */,
				848ACE241EB8EF87005309F0 /* Reachability.swift */,
				9282E7B91DFDFA5B00B7ACF3 /* Instagram */,
				D76100611E3F9E24005CB7A3 /* Example */,
				9282E7AB1DFDF9F700B7ACF3 /* Main.storyboard */,
				9282E7AE1DFDF9F700B7ACF3 /* Assets.xcassets */,
				9282E7B01DFDF9F700B7ACF3 /* LaunchScreen.storyboard */,
				9282E7B31DFDF9F700B7ACF3 /* Info.plist */,
				92649A1C1E06DBF8006EC686 /* InstagramAPI.entitlements */,
			);
			path = InstagramAPI;
			sourceTree = "<group>";
		};
		9282E7B91DFDFA5B00B7ACF3 /* Instagram */ = {
			isa = PBXGroup;
			children = (
				924C13951E83046500F492AD /* Extensions */,
				9282E7BA1DFDFA5B00B7ACF3 /* Instagram.swift */,
				9282E7BE1DFDFA5B00B7ACF3 /* Models */,
				9282E7C61DFDFA5B00B7ACF3 /* NetworkClient */,
			);
			path = Instagram;
			sourceTree = "<group>";
		};
		9282E7BE1DFDFA5B00B7ACF3 /* Models */ = {
			isa = PBXGroup;
			children = (
				9282E7C51DFDFA5B00B7ACF3 /* InstagramUser.swift */,
				9282E7C21DFDFA5B00B7ACF3 /* InstagramMedia.swift */,
				9282E7BF1DFDFA5B00B7ACF3 /* InstagramComment.swift */,
				9282E7C01DFDFA5B00B7ACF3 /* InstagramLike.swift */,
				9282E7C41DFDFA5B00B7ACF3 /* InstagramTag.swift */,
				9282E7C11DFDFA5B00B7ACF3 /* InstagramLocation.swift */,
			);
			path = Models;
			sourceTree = "<group>";
		};
		9282E7C61DFDFA5B00B7ACF3 /* NetworkClient */ = {
			isa = PBXGroup;
			children = (
				9282E7C71DFDFA5B00B7ACF3 /* InstagramConstants.swift */,
				9282E7C81DFDFA5B00B7ACF3 /* InstagramNetworkClient.swift */,
				9282E7C91DFDFA5B00B7ACF3 /* InstagramResponse.swift */,
				921DA8A81E2CAEBC00AC7C7C /* InstagramRequest.swift */,
				8431E7481E71BE170026D752 /* Endpoints */,
			);
			path = NetworkClient;
			sourceTree = "<group>";
		};
		D76100611E3F9E24005CB7A3 /* Example */ = {
			isa = PBXGroup;
			children = (
				8431E7461E71BE060026D752 /* RootViewController.swift */,
				D76100621E3F9E84005CB7A3 /* RequestsList */,
				D76100631E3F9E8C005CB7A3 /* User */,
			);
			name = Example;
			sourceTree = "<group>";
		};
		D76100621E3F9E84005CB7A3 /* RequestsList */ = {
			isa = PBXGroup;
			children = (
				D76100651E3F9E9C005CB7A3 /* RequestViewController.swift */,
				D76100641E3F9E9C005CB7A3 /* RequestCell.swift */,
			);
			name = RequestsList;
			sourceTree = "<group>";
		};
		D76100631E3F9E8C005CB7A3 /* User */ = {
			isa = PBXGroup;
			children = (
				D761006C1E3F9EAC005CB7A3 /* UserViewController.swift */,
				D76100691E3F9EAC005CB7A3 /* UserMediaViewController.swift */,
				D76100681E3F9EAC005CB7A3 /* UserMediaCell.swift */,
				D761006B1E3F9EAC005CB7A3 /* UserSearchViewController.swift */,
				D761006A1E3F9EAC005CB7A3 /* UserSearchCell.swift */,
			);
			name = User;
			sourceTree = "<group>";
		};
/* End PBXGroup section */

/* Begin PBXNativeTarget section */
		9282E7A31DFDF9F700B7ACF3 /* InstagramAPI */ = {
			isa = PBXNativeTarget;
			buildConfigurationList = 9282E7B61DFDF9F700B7ACF3 /* Build configuration list for PBXNativeTarget "InstagramAPI" */;
			buildPhases = (
				A68ADCA98328F09DD9B39495 /* [CP] Check Pods Manifest.lock */,
				9282E7A01DFDF9F700B7ACF3 /* Sources */,
				9282E7A11DFDF9F700B7ACF3 /* Frameworks */,
				9282E7A21DFDF9F700B7ACF3 /* Resources */,
				E8856C3E50CAEA5DA12FA2C7 /* [CP] Embed Pods Frameworks */,
				075389F9B2235D4400BD9D62 /* [CP] Copy Pods Resources */,
			);
			buildRules = (
			);
			dependencies = (
			);
			name = InstagramAPI;
			productName = InstagramAPI;
			productReference = 9282E7A41DFDF9F700B7ACF3 /* InstagramAPI.app */;
			productType = "com.apple.product-type.application";
		};
/* End PBXNativeTarget section */

/* Begin PBXProject section */
		9282E79C1DFDF9F700B7ACF3 /* Project object */ = {
			isa = PBXProject;
			attributes = {
				LastSwiftUpdateCheck = 0810;
				LastUpgradeCheck = 0830;
				ORGANIZATIONNAME = ConceptOffice;
				TargetAttributes = {
					9282E7A31DFDF9F700B7ACF3 = {
						CreatedOnToolsVersion = 8.1;
						DevelopmentTeam = LR4P8MK7R2;
						ProvisioningStyle = Automatic;
						SystemCapabilities = {
							com.apple.Keychain = {
								enabled = 1;
							};
						};
					};
				};
			};
			buildConfigurationList = 9282E79F1DFDF9F700B7ACF3 /* Build configuration list for PBXProject "InstagramAPI" */;
			compatibilityVersion = "Xcode 3.2";
			developmentRegion = English;
			hasScannedForEncodings = 0;
			knownRegions = (
				en,
				Base,
			);
			mainGroup = 9282E79B1DFDF9F700B7ACF3;
			productRefGroup = 9282E7A51DFDF9F700B7ACF3 /* Products */;
			projectDirPath = "";
			projectRoot = "";
			targets = (
				9282E7A31DFDF9F700B7ACF3 /* InstagramAPI */,
			);
		};
/* End PBXProject section */

/* Begin PBXResourcesBuildPhase section */
		9282E7A21DFDF9F700B7ACF3 /* Resources */ = {
			isa = PBXResourcesBuildPhase;
			buildActionMask = 2147483647;
			files = (
				9282E7B21DFDF9F700B7ACF3 /* LaunchScreen.storyboard in Resources */,
				9282E7AF1DFDF9F700B7ACF3 /* Assets.xcassets in Resources */,
				9282E7AD1DFDF9F700B7ACF3 /* Main.storyboard in Resources */,
			);
			runOnlyForDeploymentPostprocessing = 0;
		};
/* End PBXResourcesBuildPhase section */

/* Begin PBXShellScriptBuildPhase section */
		075389F9B2235D4400BD9D62 /* [CP] Copy Pods Resources */ = {
			isa = PBXShellScriptBuildPhase;
			buildActionMask = 2147483647;
			files = (
			);
			inputPaths = (
			);
			name = "[CP] Copy Pods Resources";
			outputPaths = (
			);
			runOnlyForDeploymentPostprocessing = 0;
			shellPath = /bin/sh;
			shellScript = "\"${SRCROOT}/Pods/Target Support Files/Pods-InstagramAPI/Pods-InstagramAPI-resources.sh\"\n";
			showEnvVarsInLog = 0;
		};
		A68ADCA98328F09DD9B39495 /* [CP] Check Pods Manifest.lock */ = {
			isa = PBXShellScriptBuildPhase;
			buildActionMask = 2147483647;
			files = (
			);
			inputPaths = (
			);
			name = "[CP] Check Pods Manifest.lock";
			outputPaths = (
			);
			runOnlyForDeploymentPostprocessing = 0;
			shellPath = /bin/sh;
			shellScript = "diff \"${PODS_ROOT}/../Podfile.lock\" \"${PODS_ROOT}/Manifest.lock\" > /dev/null\nif [ $? != 0 ] ; then\n    # print error to STDERR\n    echo \"error: The sandbox is not in sync with the Podfile.lock. Run 'pod install' or update your CocoaPods installation.\" >&2\n    exit 1\nfi\n";
			showEnvVarsInLog = 0;
		};
		E8856C3E50CAEA5DA12FA2C7 /* [CP] Embed Pods Frameworks */ = {
			isa = PBXShellScriptBuildPhase;
			buildActionMask = 2147483647;
			files = (
			);
			inputPaths = (
			);
			name = "[CP] Embed Pods Frameworks";
			outputPaths = (
			);
			runOnlyForDeploymentPostprocessing = 0;
			shellPath = /bin/sh;
			shellScript = "\"${SRCROOT}/Pods/Target Support Files/Pods-InstagramAPI/Pods-InstagramAPI-frameworks.sh\"\n";
			showEnvVarsInLog = 0;
		};
/* End PBXShellScriptBuildPhase section */

/* Begin PBXSourcesBuildPhase section */
		9282E7A01DFDF9F700B7ACF3 /* Sources */ = {
			isa = PBXSourcesBuildPhase;
			buildActionMask = 2147483647;
			files = (
				9282E7DD1DFDFA5B00B7ACF3 /* InstagramTag.swift in Sources */,
				92649A191E06CEF3006EC686 /* DateFormatter+Extension.swift in Sources */,
				8431E7541E71BE380026D752 /* RelationshipsEndpoints.swift in Sources */,
				8431E7521E71BE380026D752 /* LocationsEndpoints.swift in Sources */,
				9282E7D91DFDFA5B00B7ACF3 /* InstagramLike.swift in Sources */,
				D761006F1E3F9EAC005CB7A3 /* UserSearchCell.swift in Sources */,
				9282E7DE1DFDFA5B00B7ACF3 /* InstagramUser.swift in Sources */,
				92649A181E06CEF3006EC686 /* Date+Extension.swift in Sources */,
				D76100661E3F9E9C005CB7A3 /* RequestCell.swift in Sources */,
				9282E7D61DFDFA5B00B7ACF3 /* Instagram.swift in Sources */,
				D761006E1E3F9EAC005CB7A3 /* UserMediaViewController.swift in Sources */,
				9282E7A81DFDF9F700B7ACF3 /* AppDelegate.swift in Sources */,
				8431E7531E71BE380026D752 /* MediaEndpoints.swift in Sources */,
				924C13971E83048F00F492AD /* InstagramObject+Utilities.swift in Sources */,
				9282E7DF1DFDFA5B00B7ACF3 /* InstagramConstants.swift in Sources */,
				9282E7D81DFDFA5B00B7ACF3 /* InstagramComment.swift in Sources */,
				D76100711E3F9EAC005CB7A3 /* UserViewController.swift in Sources */,
				D76100671E3F9E9C005CB7A3 /* RequestViewController.swift in Sources */,
				9282E7DB1DFDFA5B00B7ACF3 /* InstagramMedia.swift in Sources */,
				8431E7561E71BE380026D752 /* UsersEndpoints.swift in Sources */,
				D761006D1E3F9EAC005CB7A3 /* UserMediaCell.swift in Sources */,
				8431E7511E71BE380026D752 /* LikesEndpoints.swift in Sources */,
				8431E7551E71BE380026D752 /* TagsEndpoints.swift in Sources */,
				D76100701E3F9EAC005CB7A3 /* UserSearchViewController.swift in Sources */,
				92649A1B1E06CF09006EC686 /* String+Extensions.swift in Sources */,
				8431E7471E71BE060026D752 /* RootViewController.swift in Sources */,
				9282E7E11DFDFA5B00B7ACF3 /* InstagramResponse.swift in Sources */,
				8431E7501E71BE380026D752 /* CommentsEndpoints.swift in Sources */,
				921DA8A91E2CAEBC00AC7C7C /* InstagramRequest.swift in Sources */,
				9282E7E01DFDFA5B00B7ACF3 /* InstagramNetworkClient.swift in Sources */,
				848ACE251EB8EF87005309F0 /* Reachability.swift in Sources */,
				9282E7DA1DFDFA5B00B7ACF3 /* InstagramLocation.swift in Sources */,
			);
			runOnlyForDeploymentPostprocessing = 0;
		};
/* End PBXSourcesBuildPhase section */

/* Begin PBXVariantGroup section */
		9282E7AB1DFDF9F700B7ACF3 /* Main.storyboard */ = {
			isa = PBXVariantGroup;
			children = (
				9282E7AC1DFDF9F700B7ACF3 /* Base */,
			);
			name = Main.storyboard;
			sourceTree = "<group>";
		};
		9282E7B01DFDF9F700B7ACF3 /* LaunchScreen.storyboard */ = {
			isa = PBXVariantGroup;
			children = (
				9282E7B11DFDF9F700B7ACF3 /* Base */,
			);
			name = LaunchScreen.storyboard;
			sourceTree = "<group>";
		};
/* End PBXVariantGroup section */

/* Begin XCBuildConfiguration section */
		9282E7B41DFDF9F700B7ACF3 /* Debug */ = {
			isa = XCBuildConfiguration;
			buildSettings = {
				ALWAYS_SEARCH_USER_PATHS = NO;
				CLANG_ANALYZER_NONNULL = YES;
				CLANG_CXX_LANGUAGE_STANDARD = "gnu++0x";
				CLANG_CXX_LIBRARY = "libc++";
				CLANG_ENABLE_MODULES = YES;
				CLANG_ENABLE_OBJC_ARC = YES;
				CLANG_WARN_BOOL_CONVERSION = YES;
				CLANG_WARN_CONSTANT_CONVERSION = YES;
				CLANG_WARN_DIRECT_OBJC_ISA_USAGE = YES_ERROR;
				CLANG_WARN_DOCUMENTATION_COMMENTS = YES;
				CLANG_WARN_EMPTY_BODY = YES;
				CLANG_WARN_ENUM_CONVERSION = YES;
				CLANG_WARN_INFINITE_RECURSION = YES;
				CLANG_WARN_INT_CONVERSION = YES;
				CLANG_WARN_OBJC_ROOT_CLASS = YES_ERROR;
				CLANG_WARN_SUSPICIOUS_MOVE = YES;
				CLANG_WARN_SUSPICIOUS_MOVES = YES;
				CLANG_WARN_UNREACHABLE_CODE = YES;
				CLANG_WARN__DUPLICATE_METHOD_MATCH = YES;
				"CODE_SIGN_IDENTITY[sdk=iphoneos*]" = "iPhone Developer";
				COPY_PHASE_STRIP = NO;
				DEBUG_INFORMATION_FORMAT = dwarf;
				ENABLE_STRICT_OBJC_MSGSEND = YES;
				ENABLE_TESTABILITY = YES;
				GCC_C_LANGUAGE_STANDARD = gnu99;
				GCC_DYNAMIC_NO_PIC = NO;
				GCC_NO_COMMON_BLOCKS = YES;
				GCC_OPTIMIZATION_LEVEL = 0;
				GCC_PREPROCESSOR_DEFINITIONS = (
					"DEBUG=1",
					"$(inherited)",
				);
				GCC_WARN_64_TO_32_BIT_CONVERSION = YES;
				GCC_WARN_ABOUT_RETURN_TYPE = YES_ERROR;
				GCC_WARN_UNDECLARED_SELECTOR = YES;
				GCC_WARN_UNINITIALIZED_AUTOS = YES_AGGRESSIVE;
				GCC_WARN_UNUSED_FUNCTION = YES;
				GCC_WARN_UNUSED_VARIABLE = YES;
				IPHONEOS_DEPLOYMENT_TARGET = 10.3;
				MTL_ENABLE_DEBUG_INFO = YES;
				ONLY_ACTIVE_ARCH = YES;
				SDKROOT = iphoneos;
				SWIFT_ACTIVE_COMPILATION_CONDITIONS = DEBUG;
				SWIFT_OPTIMIZATION_LEVEL = "-Onone";
			};
			name = Debug;
		};
		9282E7B51DFDF9F700B7ACF3 /* Release */ = {
			isa = XCBuildConfiguration;
			buildSettings = {
				ALWAYS_SEARCH_USER_PATHS = NO;
				CLANG_ANALYZER_NONNULL = YES;
				CLANG_CXX_LANGUAGE_STANDARD = "gnu++0x";
				CLANG_CXX_LIBRARY = "libc++";
				CLANG_ENABLE_MODULES = YES;
				CLANG_ENABLE_OBJC_ARC = YES;
				CLANG_WARN_BOOL_CONVERSION = YES;
				CLANG_WARN_CONSTANT_CONVERSION = YES;
				CLANG_WARN_DIRECT_OBJC_ISA_USAGE = YES_ERROR;
				CLANG_WARN_DOCUMENTATION_COMMENTS = YES;
				CLANG_WARN_EMPTY_BODY = YES;
				CLANG_WARN_ENUM_CONVERSION = YES;
				CLANG_WARN_INFINITE_RECURSION = YES;
				CLANG_WARN_INT_CONVERSION = YES;
				CLANG_WARN_OBJC_ROOT_CLASS = YES_ERROR;
				CLANG_WARN_SUSPICIOUS_MOVE = YES;
				CLANG_WARN_SUSPICIOUS_MOVES = YES;
				CLANG_WARN_UNREACHABLE_CODE = YES;
				CLANG_WARN__DUPLICATE_METHOD_MATCH = YES;
				"CODE_SIGN_IDENTITY[sdk=iphoneos*]" = "iPhone Developer";
				COPY_PHASE_STRIP = NO;
				DEBUG_INFORMATION_FORMAT = "dwarf-with-dsym";
				ENABLE_NS_ASSERTIONS = NO;
				ENABLE_STRICT_OBJC_MSGSEND = YES;
				GCC_C_LANGUAGE_STANDARD = gnu99;
				GCC_NO_COMMON_BLOCKS = YES;
				GCC_WARN_64_TO_32_BIT_CONVERSION = YES;
				GCC_WARN_ABOUT_RETURN_TYPE = YES_ERROR;
				GCC_WARN_UNDECLARED_SELECTOR = YES;
				GCC_WARN_UNINITIALIZED_AUTOS = YES_AGGRESSIVE;
				GCC_WARN_UNUSED_FUNCTION = YES;
				GCC_WARN_UNUSED_VARIABLE = YES;
				IPHONEOS_DEPLOYMENT_TARGET = 10.3;
				MTL_ENABLE_DEBUG_INFO = NO;
				SDKROOT = iphoneos;
				SWIFT_OPTIMIZATION_LEVEL = "-Owholemodule";
				VALIDATE_PRODUCT = YES;
			};
			name = Release;
		};
		9282E7B71DFDF9F700B7ACF3 /* Debug */ = {
			isa = XCBuildConfiguration;
			baseConfigurationReference = B95F3BE642A2E5080D9D4100 /* Pods-InstagramAPI.debug.xcconfig */;
			buildSettings = {
				ALWAYS_EMBED_SWIFT_STANDARD_LIBRARIES = YES;
				ASSETCATALOG_COMPILER_APPICON_NAME = AppIcon;
				CODE_SIGN_ENTITLEMENTS = InstagramAPI/InstagramAPI.entitlements;
				DEVELOPMENT_TEAM = LR4P8MK7R2;
				INFOPLIST_FILE = InstagramAPI/Info.plist;
				LD_RUNPATH_SEARCH_PATHS = "$(inherited) @executable_path/Frameworks";
				PRODUCT_BUNDLE_IDENTIFIER = com.conceptoffice.InstagramAPI;
				PRODUCT_NAME = "$(TARGET_NAME)";
				SWIFT_VERSION = 3.0;
			};
			name = Debug;
		};
		9282E7B81DFDF9F700B7ACF3 /* Release */ = {
			isa = XCBuildConfiguration;
			baseConfigurationReference = E69210C6149D434F18B372DF /* Pods-InstagramAPI.release.xcconfig */;
			buildSettings = {
				ALWAYS_EMBED_SWIFT_STANDARD_LIBRARIES = YES;
				ASSETCATALOG_COMPILER_APPICON_NAME = AppIcon;
				CODE_SIGN_ENTITLEMENTS = InstagramAPI/InstagramAPI.entitlements;
				DEVELOPMENT_TEAM = LR4P8MK7R2;
				INFOPLIST_FILE = InstagramAPI/Info.plist;
				LD_RUNPATH_SEARCH_PATHS = "$(inherited) @executable_path/Frameworks";
				PRODUCT_BUNDLE_IDENTIFIER = com.conceptoffice.InstagramAPI;
				PRODUCT_NAME = "$(TARGET_NAME)";
				SWIFT_VERSION = 3.0;
			};
			name = Release;
		};
/* End XCBuildConfiguration section */

/* Begin XCConfigurationList section */
		9282E79F1DFDF9F700B7ACF3 /* Build configuration list for PBXProject "InstagramAPI" */ = {
			isa = XCConfigurationList;
			buildConfigurations = (
				9282E7B41DFDF9F700B7ACF3 /* Debug */,
				9282E7B51DFDF9F700B7ACF3 /* Release */,
			);
			defaultConfigurationIsVisible = 0;
			defaultConfigurationName = Release;
		};
		9282E7B61DFDF9F700B7ACF3 /* Build configuration list for PBXNativeTarget "InstagramAPI" */ = {
			isa = XCConfigurationList;
			buildConfigurations = (
				9282E7B71DFDF9F700B7ACF3 /* Debug */,
				9282E7B81DFDF9F700B7ACF3 /* Release */,
			);
			defaultConfigurationIsVisible = 0;
			defaultConfigurationName = Release;
		};
/* End XCConfigurationList section */
	};
	rootObject = 9282E79C1DFDF9F700B7ACF3 /* Project object */;
}
