// !$*UTF8*$!
{
	archiveVersion = 1;
	classes = {
	};
	objectVersion = 46;
	objects = {

/* Begin PBXBuildFile section */
		77B44F8E1F38B971001335C1 /* AppDelegate.swift in Sources */ = {isa = PBXBuildFile; fileRef = 77B44EF91F38B971001335C1 /* AppDelegate.swift */; };
		77B44F8F1F38B971001335C1 /* Assets.xcassets in Resources */ = {isa = PBXBuildFile; fileRef = 77B44EFA1F38B971001335C1 /* Assets.xcassets */; };
		77B44F901F38B971001335C1 /* LaunchScreen.storyboard in Resources */ = {isa = PBXBuildFile; fileRef = 77B44EFB1F38B971001335C1 /* LaunchScreen.storyboard */; };
		77B44F911F38B971001335C1 /* Main.storyboard in Resources */ = {isa = PBXBuildFile; fileRef = 77B44EFD1F38B971001335C1 /* Main.storyboard */; };
		77B44F921F38B971001335C1 /* Date+Extension.swift in Sources */ = {isa = PBXBuildFile; fileRef = 77B44F011F38B971001335C1 /* Date+Extension.swift */; };
		77B44F931F38B971001335C1 /* DateFormatter+Extension.swift in Sources */ = {isa = PBXBuildFile; fileRef = 77B44F021F38B971001335C1 /* DateFormatter+Extension.swift */; };
		77B44F941F38B971001335C1 /* String+Extensions.swift in Sources */ = {isa = PBXBuildFile; fileRef = 77B44F031F38B971001335C1 /* String+Extensions.swift */; };
		77B44F951F38B971001335C1 /* CommentCell.swift in Sources */ = {isa = PBXBuildFile; fileRef = 77B44F061F38B971001335C1 /* CommentCell.swift */; };
		77B44F961F38B971001335C1 /* CommentIdViewController.swift in Sources */ = {isa = PBXBuildFile; fileRef = 77B44F071F38B971001335C1 /* CommentIdViewController.swift */; };
		77B44F971F38B971001335C1 /* CommentTableViewController.swift in Sources */ = {isa = PBXBuildFile; fileRef = 77B44F081F38B971001335C1 /* CommentTableViewController.swift */; };
		77B44F981F38B971001335C1 /* LikeViewController.swift in Sources */ = {isa = PBXBuildFile; fileRef = 77B44F0A1F38B971001335C1 /* LikeViewController.swift */; };
		77B44F991F38B971001335C1 /* LocationRecentCell.swift in Sources */ = {isa = PBXBuildFile; fileRef = 77B44F0C1F38B971001335C1 /* LocationRecentCell.swift */; };
		77B44F9A1F38B971001335C1 /* LocationRecentViewController.swift in Sources */ = {isa = PBXBuildFile; fileRef = 77B44F0D1F38B971001335C1 /* LocationRecentViewController.swift */; };
		77B44F9B1F38B971001335C1 /* LocationSearchCell.swift in Sources */ = {isa = PBXBuildFile; fileRef = 77B44F0E1F38B971001335C1 /* LocationSearchCell.swift */; };
		77B44F9C1F38B971001335C1 /* LocationSearchViewController.swift in Sources */ = {isa = PBXBuildFile; fileRef = 77B44F0F1F38B971001335C1 /* LocationSearchViewController.swift */; };
		77B44F9D1F38B971001335C1 /* LocationViewController.swift in Sources */ = {isa = PBXBuildFile; fileRef = 77B44F101F38B971001335C1 /* LocationViewController.swift */; };
		77B44F9E1F38B971001335C1 /* MediaSearchCell.swift in Sources */ = {isa = PBXBuildFile; fileRef = 77B44F121F38B971001335C1 /* MediaSearchCell.swift */; };
		77B44F9F1F38B971001335C1 /* MediaSearchViewController.swift in Sources */ = {isa = PBXBuildFile; fileRef = 77B44F131F38B971001335C1 /* MediaSearchViewController.swift */; };
		77B44FA01F38B971001335C1 /* MediaViewController.swift in Sources */ = {isa = PBXBuildFile; fileRef = 77B44F141F38B971001335C1 /* MediaViewController.swift */; };
		77B44FA11F38B971001335C1 /* RelationshipCell.swift in Sources */ = {isa = PBXBuildFile; fileRef = 77B44F161F38B971001335C1 /* RelationshipCell.swift */; };
		77B44FA21F38B971001335C1 /* RelationshipTableViewController.swift in Sources */ = {isa = PBXBuildFile; fileRef = 77B44F171F38B971001335C1 /* RelationshipTableViewController.swift */; };
		77B44FA31F38B971001335C1 /* RelationshipTableViewModel.swift in Sources */ = {isa = PBXBuildFile; fileRef = 77B44F181F38B971001335C1 /* RelationshipTableViewModel.swift */; };
		77B44FA41F38B971001335C1 /* RelationshipViewController.swift in Sources */ = {isa = PBXBuildFile; fileRef = 77B44F191F38B971001335C1 /* RelationshipViewController.swift */; };
		77B44FA51F38B971001335C1 /* RequestViewController.swift in Sources */ = {isa = PBXBuildFile; fileRef = 77B44F1A1F38B971001335C1 /* RequestViewController.swift */; };
		77B44FA61F38B971001335C1 /* RequestCell.swift in Sources */ = {isa = PBXBuildFile; fileRef = 77B44F1C1F38B971001335C1 /* RequestCell.swift */; };
		77B44FA81F38B971001335C1 /* TagCell.swift in Sources */ = {isa = PBXBuildFile; fileRef = 77B44F1F1F38B971001335C1 /* TagCell.swift */; };
		77B44FA91F38B971001335C1 /* TagNameViewController.swift in Sources */ = {isa = PBXBuildFile; fileRef = 77B44F201F38B971001335C1 /* TagNameViewController.swift */; };
		77B44FAA1F38B971001335C1 /* TagRecentViewController.swift in Sources */ = {isa = PBXBuildFile; fileRef = 77B44F211F38B971001335C1 /* TagRecentViewController.swift */; };
		77B44FAB1F38B971001335C1 /* TagSearchCell.swift in Sources */ = {isa = PBXBuildFile; fileRef = 77B44F221F38B971001335C1 /* TagSearchCell.swift */; };
		77B44FAC1F38B971001335C1 /* TagSearchViewController.swift in Sources */ = {isa = PBXBuildFile; fileRef = 77B44F231F38B971001335C1 /* TagSearchViewController.swift */; };
		77B44FAD1F38B971001335C1 /* UserMediaCell.swift in Sources */ = {isa = PBXBuildFile; fileRef = 77B44F261F38B971001335C1 /* UserMediaCell.swift */; };
		77B44FAE1F38B971001335C1 /* UserSearchCell.swift in Sources */ = {isa = PBXBuildFile; fileRef = 77B44F271F38B971001335C1 /* UserSearchCell.swift */; };
		77B44FAF1F38B971001335C1 /* UserMediaViewController.swift in Sources */ = {isa = PBXBuildFile; fileRef = 77B44F281F38B971001335C1 /* UserMediaViewController.swift */; };
		77B44FB01F38B971001335C1 /* UserSearchViewController.swift in Sources */ = {isa = PBXBuildFile; fileRef = 77B44F291F38B971001335C1 /* UserSearchViewController.swift */; };
		77B44FB11F38B971001335C1 /* UserViewController.swift in Sources */ = {isa = PBXBuildFile; fileRef = 77B44F2A1F38B971001335C1 /* UserViewController.swift */; };
		77B44FB21F38B971001335C1 /* Info.plist in Resources */ = {isa = PBXBuildFile; fileRef = 77B44F2B1F38B971001335C1 /* Info.plist */; };
		77B44FB31F38B971001335C1 /* Instagram+AnyModel.swift in Sources */ = {isa = PBXBuildFile; fileRef = 77B44F2E1F38B971001335C1 /* Instagram+AnyModel.swift */; };
		77B44FB41F38B971001335C1 /* Instagram+AnyNetworkRouter.swift in Sources */ = {isa = PBXBuildFile; fileRef = 77B44F2F1F38B971001335C1 /* Instagram+AnyNetworkRouter.swift */; };
		77B44FB51F38B971001335C1 /* Instagram+AnyRequest.swift in Sources */ = {isa = PBXBuildFile; fileRef = 77B44F301F38B971001335C1 /* Instagram+AnyRequest.swift */; };
		77B44FB61F38B971001335C1 /* Instagram+AnyResponse.swift in Sources */ = {isa = PBXBuildFile; fileRef = 77B44F311F38B971001335C1 /* Instagram+AnyResponse.swift */; };
		77B44FB71F38B971001335C1 /* Instagram+Constants.swift in Sources */ = {isa = PBXBuildFile; fileRef = 77B44F321F38B971001335C1 /* Instagram+Constants.swift */; };
		77B44FB81F38B971001335C1 /* InstagramResponse+Models.swift in Sources */ = {isa = PBXBuildFile; fileRef = 77B44F331F38B971001335C1 /* InstagramResponse+Models.swift */; };
		77B44FB91F38B971001335C1 /* InstagramClient.swift in Sources */ = {isa = PBXBuildFile; fileRef = 77B44F341F38B971001335C1 /* InstagramClient.swift */; };
		77B44FBA1F38B971001335C1 /* InstagramComment+Mappable.swift in Sources */ = {isa = PBXBuildFile; fileRef = 77B44F371F38B971001335C1 /* InstagramComment+Mappable.swift */; };
		77B44FBB1F38B971001335C1 /* InstagramLike+Mappable.swift in Sources */ = {isa = PBXBuildFile; fileRef = 77B44F381F38B971001335C1 /* InstagramLike+Mappable.swift */; };
		77B44FBC1F38B971001335C1 /* InstagramLocation+Mappable.swift in Sources */ = {isa = PBXBuildFile; fileRef = 77B44F391F38B971001335C1 /* InstagramLocation+Mappable.swift */; };
		77B44FBD1F38B971001335C1 /* InstagramMedia+Mappable.swift in Sources */ = {isa = PBXBuildFile; fileRef = 77B44F3A1F38B971001335C1 /* InstagramMedia+Mappable.swift */; };
		77B44FBE1F38B971001335C1 /* InstagramTag+Mappable.swift in Sources */ = {isa = PBXBuildFile; fileRef = 77B44F3B1F38B971001335C1 /* InstagramTag+Mappable.swift */; };
		77B44FBF1F38B971001335C1 /* InstagramUser+Mappable.swift in Sources */ = {isa = PBXBuildFile; fileRef = 77B44F3C1F38B971001335C1 /* InstagramUser+Mappable.swift */; };
		77B44FC01F38B971001335C1 /* InstagramLikeRequest+Routable.swift in Sources */ = {isa = PBXBuildFile; fileRef = 77B44F3E1F38B971001335C1 /* InstagramLikeRequest+Routable.swift */; };
		77B44FC11F38B971001335C1 /* InstagramLocationRequest+Routable.swift in Sources */ = {isa = PBXBuildFile; fileRef = 77B44F3F1F38B971001335C1 /* InstagramLocationRequest+Routable.swift */; };
		77B44FC21F38B971001335C1 /* InstagramMediaRequest+Routable.swift in Sources */ = {isa = PBXBuildFile; fileRef = 77B44F401F38B971001335C1 /* InstagramMediaRequest+Routable.swift */; };
		77B44FC31F38B971001335C1 /* InstagramRelationshipRequest+Routable.swift in Sources */ = {isa = PBXBuildFile; fileRef = 77B44F411F38B971001335C1 /* InstagramRelationshipRequest+Routable.swift */; };
		77B44FC41F38B971001335C1 /* InstagramTagRequest+Routable.swift in Sources */ = {isa = PBXBuildFile; fileRef = 77B44F421F38B971001335C1 /* InstagramTagRequest+Routable.swift */; };
		77B44FC51F38B971001335C1 /* InstagramUser+Routable.swift in Sources */ = {isa = PBXBuildFile; fileRef = 77B44F431F38B971001335C1 /* InstagramUser+Routable.swift */; };
		77B44FC61F38B971001335C1 /* InstargamCommentRequest+Routable.swift in Sources */ = {isa = PBXBuildFile; fileRef = 77B44F441F38B971001335C1 /* InstargamCommentRequest+Routable.swift */; };
		77B44FC71F38B971001335C1 /* InstagramArrayResponse+Mappable.swift in Sources */ = {isa = PBXBuildFile; fileRef = 77B44F461F38B971001335C1 /* InstagramArrayResponse+Mappable.swift */; };
		77B44FC81F38B971001335C1 /* InstagramMetaResponse+Mappable.swift in Sources */ = {isa = PBXBuildFile; fileRef = 77B44F471F38B971001335C1 /* InstagramMetaResponse+Mappable.swift */; };
		77B44FC91F38B971001335C1 /* InstagramModelResponse+Mappable.swift in Sources */ = {isa = PBXBuildFile; fileRef = 77B44F481F38B971001335C1 /* InstagramModelResponse+Mappable.swift */; };
		77B44FCA1F38B971001335C1 /* InstagramDateTransform.swift in Sources */ = {isa = PBXBuildFile; fileRef = 77B44F4A1F38B971001335C1 /* InstagramDateTransform.swift */; };
		77B44FCB1F38B971001335C1 /* InstagramMediaTypeTransform.swift in Sources */ = {isa = PBXBuildFile; fileRef = 77B44F4B1F38B971001335C1 /* InstagramMediaTypeTransform.swift */; };
		77B44FCC1F38B971001335C1 /* InstagramMediaUrlTransform.swift in Sources */ = {isa = PBXBuildFile; fileRef = 77B44F4C1F38B971001335C1 /* InstagramMediaUrlTransform.swift */; };
		77B44FCD1F38B971001335C1 /* InstagramMetaErrorTypeTransform.swift in Sources */ = {isa = PBXBuildFile; fileRef = 77B44F4D1F38B971001335C1 /* InstagramMetaErrorTypeTransform.swift */; };
		77B44FCE1F38B971001335C1 /* InstagramComment.swift in Sources */ = {isa = PBXBuildFile; fileRef = 77B44F4F1F38B971001335C1 /* InstagramComment.swift */; };
		77B44FCF1F38B971001335C1 /* InstagramLike.swift in Sources */ = {isa = PBXBuildFile; fileRef = 77B44F501F38B971001335C1 /* InstagramLike.swift */; };
		77B44FD01F38B971001335C1 /* InstagramLocation.swift in Sources */ = {isa = PBXBuildFile; fileRef = 77B44F511F38B971001335C1 /* InstagramLocation.swift */; };
		77B44FD11F38B971001335C1 /* InstagramMedia.swift in Sources */ = {isa = PBXBuildFile; fileRef = 77B44F521F38B971001335C1 /* InstagramMedia.swift */; };
		77B44FD21F38B971001335C1 /* InstagramTag.swift in Sources */ = {isa = PBXBuildFile; fileRef = 77B44F531F38B971001335C1 /* InstagramTag.swift */; };
		77B44FD31F38B971001335C1 /* InstagramUser.swift in Sources */ = {isa = PBXBuildFile; fileRef = 77B44F541F38B971001335C1 /* InstagramUser.swift */; };
		77B44FD41F38B971001335C1 /* InstagramCommentRouter.swift in Sources */ = {isa = PBXBuildFile; fileRef = 77B44F561F38B971001335C1 /* InstagramCommentRouter.swift */; };
		77B44FD51F38B971001335C1 /* InstagramLikeRouter.swift in Sources */ = {isa = PBXBuildFile; fileRef = 77B44F571F38B971001335C1 /* InstagramLikeRouter.swift */; };
		77B44FD61F38B971001335C1 /* InstagramLocationRouter.swift in Sources */ = {isa = PBXBuildFile; fileRef = 77B44F581F38B971001335C1 /* InstagramLocationRouter.swift */; };
		77B44FD71F38B971001335C1 /* InstagramMediaRouter.swift in Sources */ = {isa = PBXBuildFile; fileRef = 77B44F591F38B971001335C1 /* InstagramMediaRouter.swift */; };
		77B44FD81F38B971001335C1 /* InstagramRelationshipRouter.swift in Sources */ = {isa = PBXBuildFile; fileRef = 77B44F5A1F38B971001335C1 /* InstagramRelationshipRouter.swift */; };
		77B44FD91F38B971001335C1 /* InstagramTagRouter.swift in Sources */ = {isa = PBXBuildFile; fileRef = 77B44F5B1F38B971001335C1 /* InstagramTagRouter.swift */; };
		77B44FDA1F38B971001335C1 /* InstagramUserRouter.swift in Sources */ = {isa = PBXBuildFile; fileRef = 77B44F5C1F38B971001335C1 /* InstagramUserRouter.swift */; };
		77B44FDB1F38B971001335C1 /* InstagramArrayResponse.swift in Sources */ = {isa = PBXBuildFile; fileRef = 77B44F5E1F38B971001335C1 /* InstagramArrayResponse.swift */; };
		77B44FDC1F38B971001335C1 /* InstagramMetaResponse.swift in Sources */ = {isa = PBXBuildFile; fileRef = 77B44F5F1F38B971001335C1 /* InstagramMetaResponse.swift */; };
		77B44FDD1F38B971001335C1 /* InstagramModelResponse.swift in Sources */ = {isa = PBXBuildFile; fileRef = 77B44F601F38B971001335C1 /* InstagramModelResponse.swift */; };
		8432DA111F39DA89003EA868 /* RootViewController.swift in Sources */ = {isa = PBXBuildFile; fileRef = 8432DA101F39DA89003EA868 /* RootViewController.swift */; };
		8432DA171F3B684B003EA868 /* InstagramRelationship.swift in Sources */ = {isa = PBXBuildFile; fileRef = 8432DA161F3B684B003EA868 /* InstagramRelationship.swift */; };
		8432DA191F3B68FC003EA868 /* InstagramRelationship+Mappable.swift in Sources */ = {isa = PBXBuildFile; fileRef = 8432DA181F3B68FC003EA868 /* InstagramRelationship+Mappable.swift */; };
		CC810FC75CEF97D19CEECE3D /* Pods_InstagramAPI.framework in Frameworks */ = {isa = PBXBuildFile; fileRef = 08119A51AC04B8E0D9596D2F /* Pods_InstagramAPI.framework */; };
/* End PBXBuildFile section */

/* Begin PBXFileReference section */
		08119A51AC04B8E0D9596D2F /* Pods_InstagramAPI.framework */ = {isa = PBXFileReference; explicitFileType = wrapper.framework; includeInIndex = 0; path = Pods_InstagramAPI.framework; sourceTree = BUILT_PRODUCTS_DIR; };
		77B44EF91F38B971001335C1 /* AppDelegate.swift */ = {isa = PBXFileReference; fileEncoding = 4; lastKnownFileType = sourcecode.swift; path = AppDelegate.swift; sourceTree = "<group>"; };
		77B44EFA1F38B971001335C1 /* Assets.xcassets */ = {isa = PBXFileReference; lastKnownFileType = folder.assetcatalog; path = Assets.xcassets; sourceTree = "<group>"; };
		77B44EFC1F38B971001335C1 /* Base */ = {isa = PBXFileReference; lastKnownFileType = file.storyboard; name = Base; path = Base.lproj/LaunchScreen.storyboard; sourceTree = "<group>"; };
		77B44EFE1F38B971001335C1 /* Base */ = {isa = PBXFileReference; lastKnownFileType = file.storyboard; name = Base; path = Base.lproj/Main.storyboard; sourceTree = "<group>"; };
		77B44F011F38B971001335C1 /* Date+Extension.swift */ = {isa = PBXFileReference; fileEncoding = 4; lastKnownFileType = sourcecode.swift; path = "Date+Extension.swift"; sourceTree = "<group>"; };
		77B44F021F38B971001335C1 /* DateFormatter+Extension.swift */ = {isa = PBXFileReference; fileEncoding = 4; lastKnownFileType = sourcecode.swift; path = "DateFormatter+Extension.swift"; sourceTree = "<group>"; };
		77B44F031F38B971001335C1 /* String+Extensions.swift */ = {isa = PBXFileReference; fileEncoding = 4; lastKnownFileType = sourcecode.swift; path = "String+Extensions.swift"; sourceTree = "<group>"; };
		77B44F061F38B971001335C1 /* CommentCell.swift */ = {isa = PBXFileReference; fileEncoding = 4; lastKnownFileType = sourcecode.swift; path = CommentCell.swift; sourceTree = "<group>"; };
		77B44F071F38B971001335C1 /* CommentIdViewController.swift */ = {isa = PBXFileReference; fileEncoding = 4; lastKnownFileType = sourcecode.swift; path = CommentIdViewController.swift; sourceTree = "<group>"; };
		77B44F081F38B971001335C1 /* CommentTableViewController.swift */ = {isa = PBXFileReference; fileEncoding = 4; lastKnownFileType = sourcecode.swift; path = CommentTableViewController.swift; sourceTree = "<group>"; };
		77B44F0A1F38B971001335C1 /* LikeViewController.swift */ = {isa = PBXFileReference; fileEncoding = 4; lastKnownFileType = sourcecode.swift; path = LikeViewController.swift; sourceTree = "<group>"; };
		77B44F0C1F38B971001335C1 /* LocationRecentCell.swift */ = {isa = PBXFileReference; fileEncoding = 4; lastKnownFileType = sourcecode.swift; path = LocationRecentCell.swift; sourceTree = "<group>"; };
		77B44F0D1F38B971001335C1 /* LocationRecentViewController.swift */ = {isa = PBXFileReference; fileEncoding = 4; lastKnownFileType = sourcecode.swift; path = LocationRecentViewController.swift; sourceTree = "<group>"; };
		77B44F0E1F38B971001335C1 /* LocationSearchCell.swift */ = {isa = PBXFileReference; fileEncoding = 4; lastKnownFileType = sourcecode.swift; path = LocationSearchCell.swift; sourceTree = "<group>"; };
		77B44F0F1F38B971001335C1 /* LocationSearchViewController.swift */ = {isa = PBXFileReference; fileEncoding = 4; lastKnownFileType = sourcecode.swift; path = LocationSearchViewController.swift; sourceTree = "<group>"; };
		77B44F101F38B971001335C1 /* LocationViewController.swift */ = {isa = PBXFileReference; fileEncoding = 4; lastKnownFileType = sourcecode.swift; path = LocationViewController.swift; sourceTree = "<group>"; };
		77B44F121F38B971001335C1 /* MediaSearchCell.swift */ = {isa = PBXFileReference; fileEncoding = 4; lastKnownFileType = sourcecode.swift; path = MediaSearchCell.swift; sourceTree = "<group>"; };
		77B44F131F38B971001335C1 /* MediaSearchViewController.swift */ = {isa = PBXFileReference; fileEncoding = 4; lastKnownFileType = sourcecode.swift; path = MediaSearchViewController.swift; sourceTree = "<group>"; };
		77B44F141F38B971001335C1 /* MediaViewController.swift */ = {isa = PBXFileReference; fileEncoding = 4; lastKnownFileType = sourcecode.swift; path = MediaViewController.swift; sourceTree = "<group>"; };
		77B44F161F38B971001335C1 /* RelationshipCell.swift */ = {isa = PBXFileReference; fileEncoding = 4; lastKnownFileType = sourcecode.swift; path = RelationshipCell.swift; sourceTree = "<group>"; };
		77B44F171F38B971001335C1 /* RelationshipTableViewController.swift */ = {isa = PBXFileReference; fileEncoding = 4; lastKnownFileType = sourcecode.swift; path = RelationshipTableViewController.swift; sourceTree = "<group>"; };
		77B44F181F38B971001335C1 /* RelationshipTableViewModel.swift */ = {isa = PBXFileReference; fileEncoding = 4; lastKnownFileType = sourcecode.swift; path = RelationshipTableViewModel.swift; sourceTree = "<group>"; };
		77B44F191F38B971001335C1 /* RelationshipViewController.swift */ = {isa = PBXFileReference; fileEncoding = 4; lastKnownFileType = sourcecode.swift; path = RelationshipViewController.swift; sourceTree = "<group>"; };
		77B44F1A1F38B971001335C1 /* RequestViewController.swift */ = {isa = PBXFileReference; fileEncoding = 4; lastKnownFileType = sourcecode.swift; name = RequestViewController.swift; path = ../Relationship/RequestViewController.swift; sourceTree = "<group>"; };
		77B44F1C1F38B971001335C1 /* RequestCell.swift */ = {isa = PBXFileReference; fileEncoding = 4; lastKnownFileType = sourcecode.swift; path = RequestCell.swift; sourceTree = "<group>"; };
		77B44F1F1F38B971001335C1 /* TagCell.swift */ = {isa = PBXFileReference; fileEncoding = 4; lastKnownFileType = sourcecode.swift; path = TagCell.swift; sourceTree = "<group>"; };
		77B44F201F38B971001335C1 /* TagNameViewController.swift */ = {isa = PBXFileReference; fileEncoding = 4; lastKnownFileType = sourcecode.swift; path = TagNameViewController.swift; sourceTree = "<group>"; };
		77B44F211F38B971001335C1 /* TagRecentViewController.swift */ = {isa = PBXFileReference; fileEncoding = 4; lastKnownFileType = sourcecode.swift; path = TagRecentViewController.swift; sourceTree = "<group>"; };
		77B44F221F38B971001335C1 /* TagSearchCell.swift */ = {isa = PBXFileReference; fileEncoding = 4; lastKnownFileType = sourcecode.swift; path = TagSearchCell.swift; sourceTree = "<group>"; };
		77B44F231F38B971001335C1 /* TagSearchViewController.swift */ = {isa = PBXFileReference; fileEncoding = 4; lastKnownFileType = sourcecode.swift; path = TagSearchViewController.swift; sourceTree = "<group>"; };
		77B44F261F38B971001335C1 /* UserMediaCell.swift */ = {isa = PBXFileReference; fileEncoding = 4; lastKnownFileType = sourcecode.swift; path = UserMediaCell.swift; sourceTree = "<group>"; };
		77B44F271F38B971001335C1 /* UserSearchCell.swift */ = {isa = PBXFileReference; fileEncoding = 4; lastKnownFileType = sourcecode.swift; path = UserSearchCell.swift; sourceTree = "<group>"; };
		77B44F281F38B971001335C1 /* UserMediaViewController.swift */ = {isa = PBXFileReference; fileEncoding = 4; lastKnownFileType = sourcecode.swift; path = UserMediaViewController.swift; sourceTree = "<group>"; };
		77B44F291F38B971001335C1 /* UserSearchViewController.swift */ = {isa = PBXFileReference; fileEncoding = 4; lastKnownFileType = sourcecode.swift; path = UserSearchViewController.swift; sourceTree = "<group>"; };
		77B44F2A1F38B971001335C1 /* UserViewController.swift */ = {isa = PBXFileReference; fileEncoding = 4; lastKnownFileType = sourcecode.swift; path = UserViewController.swift; sourceTree = "<group>"; };
		77B44F2B1F38B971001335C1 /* Info.plist */ = {isa = PBXFileReference; fileEncoding = 4; lastKnownFileType = text.plist.xml; path = Info.plist; sourceTree = "<group>"; };
		77B44F2E1F38B971001335C1 /* Instagram+AnyModel.swift */ = {isa = PBXFileReference; fileEncoding = 4; lastKnownFileType = sourcecode.swift; path = "Instagram+AnyModel.swift"; sourceTree = "<group>"; };
		77B44F2F1F38B971001335C1 /* Instagram+AnyNetworkRouter.swift */ = {isa = PBXFileReference; fileEncoding = 4; lastKnownFileType = sourcecode.swift; path = "Instagram+AnyNetworkRouter.swift"; sourceTree = "<group>"; };
		77B44F301F38B971001335C1 /* Instagram+AnyRequest.swift */ = {isa = PBXFileReference; fileEncoding = 4; lastKnownFileType = sourcecode.swift; path = "Instagram+AnyRequest.swift"; sourceTree = "<group>"; };
		77B44F311F38B971001335C1 /* Instagram+AnyResponse.swift */ = {isa = PBXFileReference; fileEncoding = 4; lastKnownFileType = sourcecode.swift; path = "Instagram+AnyResponse.swift"; sourceTree = "<group>"; };
		77B44F321F38B971001335C1 /* Instagram+Constants.swift */ = {isa = PBXFileReference; fileEncoding = 4; lastKnownFileType = sourcecode.swift; path = "Instagram+Constants.swift"; sourceTree = "<group>"; };
		77B44F331F38B971001335C1 /* InstagramResponse+Models.swift */ = {isa = PBXFileReference; fileEncoding = 4; lastKnownFileType = sourcecode.swift; path = "InstagramResponse+Models.swift"; sourceTree = "<group>"; };
		77B44F341F38B971001335C1 /* InstagramClient.swift */ = {isa = PBXFileReference; fileEncoding = 4; lastKnownFileType = sourcecode.swift; path = InstagramClient.swift; sourceTree = "<group>"; };
		77B44F371F38B971001335C1 /* InstagramComment+Mappable.swift */ = {isa = PBXFileReference; fileEncoding = 4; lastKnownFileType = sourcecode.swift; path = "InstagramComment+Mappable.swift"; sourceTree = "<group>"; };
		77B44F381F38B971001335C1 /* InstagramLike+Mappable.swift */ = {isa = PBXFileReference; fileEncoding = 4; lastKnownFileType = sourcecode.swift; path = "InstagramLike+Mappable.swift"; sourceTree = "<group>"; };
		77B44F391F38B971001335C1 /* InstagramLocation+Mappable.swift */ = {isa = PBXFileReference; fileEncoding = 4; lastKnownFileType = sourcecode.swift; path = "InstagramLocation+Mappable.swift"; sourceTree = "<group>"; };
		77B44F3A1F38B971001335C1 /* InstagramMedia+Mappable.swift */ = {isa = PBXFileReference; fileEncoding = 4; lastKnownFileType = sourcecode.swift; path = "InstagramMedia+Mappable.swift"; sourceTree = "<group>"; };
		77B44F3B1F38B971001335C1 /* InstagramTag+Mappable.swift */ = {isa = PBXFileReference; fileEncoding = 4; lastKnownFileType = sourcecode.swift; path = "InstagramTag+Mappable.swift"; sourceTree = "<group>"; };
		77B44F3C1F38B971001335C1 /* InstagramUser+Mappable.swift */ = {isa = PBXFileReference; fileEncoding = 4; lastKnownFileType = sourcecode.swift; path = "InstagramUser+Mappable.swift"; sourceTree = "<group>"; };
		77B44F3E1F38B971001335C1 /* InstagramLikeRequest+Routable.swift */ = {isa = PBXFileReference; fileEncoding = 4; lastKnownFileType = sourcecode.swift; path = "InstagramLikeRequest+Routable.swift"; sourceTree = "<group>"; };
		77B44F3F1F38B971001335C1 /* InstagramLocationRequest+Routable.swift */ = {isa = PBXFileReference; fileEncoding = 4; lastKnownFileType = sourcecode.swift; path = "InstagramLocationRequest+Routable.swift"; sourceTree = "<group>"; };
		77B44F401F38B971001335C1 /* InstagramMediaRequest+Routable.swift */ = {isa = PBXFileReference; fileEncoding = 4; lastKnownFileType = sourcecode.swift; path = "InstagramMediaRequest+Routable.swift"; sourceTree = "<group>"; };
		77B44F411F38B971001335C1 /* InstagramRelationshipRequest+Routable.swift */ = {isa = PBXFileReference; fileEncoding = 4; lastKnownFileType = sourcecode.swift; path = "InstagramRelationshipRequest+Routable.swift"; sourceTree = "<group>"; };
		77B44F421F38B971001335C1 /* InstagramTagRequest+Routable.swift */ = {isa = PBXFileReference; fileEncoding = 4; lastKnownFileType = sourcecode.swift; path = "InstagramTagRequest+Routable.swift"; sourceTree = "<group>"; };
		77B44F431F38B971001335C1 /* InstagramUser+Routable.swift */ = {isa = PBXFileReference; fileEncoding = 4; lastKnownFileType = sourcecode.swift; path = "InstagramUser+Routable.swift"; sourceTree = "<group>"; };
		77B44F441F38B971001335C1 /* InstargamCommentRequest+Routable.swift */ = {isa = PBXFileReference; fileEncoding = 4; lastKnownFileType = sourcecode.swift; path = "InstargamCommentRequest+Routable.swift"; sourceTree = "<group>"; };
		77B44F461F38B971001335C1 /* InstagramArrayResponse+Mappable.swift */ = {isa = PBXFileReference; fileEncoding = 4; lastKnownFileType = sourcecode.swift; path = "InstagramArrayResponse+Mappable.swift"; sourceTree = "<group>"; };
		77B44F471F38B971001335C1 /* InstagramMetaResponse+Mappable.swift */ = {isa = PBXFileReference; fileEncoding = 4; lastKnownFileType = sourcecode.swift; path = "InstagramMetaResponse+Mappable.swift"; sourceTree = "<group>"; };
		77B44F481F38B971001335C1 /* InstagramModelResponse+Mappable.swift */ = {isa = PBXFileReference; fileEncoding = 4; lastKnownFileType = sourcecode.swift; path = "InstagramModelResponse+Mappable.swift"; sourceTree = "<group>"; };
		77B44F4A1F38B971001335C1 /* InstagramDateTransform.swift */ = {isa = PBXFileReference; fileEncoding = 4; lastKnownFileType = sourcecode.swift; path = InstagramDateTransform.swift; sourceTree = "<group>"; };
		77B44F4B1F38B971001335C1 /* InstagramMediaTypeTransform.swift */ = {isa = PBXFileReference; fileEncoding = 4; lastKnownFileType = sourcecode.swift; path = InstagramMediaTypeTransform.swift; sourceTree = "<group>"; };
		77B44F4C1F38B971001335C1 /* InstagramMediaUrlTransform.swift */ = {isa = PBXFileReference; fileEncoding = 4; lastKnownFileType = sourcecode.swift; path = InstagramMediaUrlTransform.swift; sourceTree = "<group>"; };
		77B44F4D1F38B971001335C1 /* InstagramMetaErrorTypeTransform.swift */ = {isa = PBXFileReference; fileEncoding = 4; lastKnownFileType = sourcecode.swift; path = InstagramMetaErrorTypeTransform.swift; sourceTree = "<group>"; };
		77B44F4F1F38B971001335C1 /* InstagramComment.swift */ = {isa = PBXFileReference; fileEncoding = 4; lastKnownFileType = sourcecode.swift; path = InstagramComment.swift; sourceTree = "<group>"; };
		77B44F501F38B971001335C1 /* InstagramLike.swift */ = {isa = PBXFileReference; fileEncoding = 4; lastKnownFileType = sourcecode.swift; path = InstagramLike.swift; sourceTree = "<group>"; };
		77B44F511F38B971001335C1 /* InstagramLocation.swift */ = {isa = PBXFileReference; fileEncoding = 4; lastKnownFileType = sourcecode.swift; path = InstagramLocation.swift; sourceTree = "<group>"; };
		77B44F521F38B971001335C1 /* InstagramMedia.swift */ = {isa = PBXFileReference; fileEncoding = 4; lastKnownFileType = sourcecode.swift; path = InstagramMedia.swift; sourceTree = "<group>"; };
		77B44F531F38B971001335C1 /* InstagramTag.swift */ = {isa = PBXFileReference; fileEncoding = 4; lastKnownFileType = sourcecode.swift; path = InstagramTag.swift; sourceTree = "<group>"; };
		77B44F541F38B971001335C1 /* InstagramUser.swift */ = {isa = PBXFileReference; fileEncoding = 4; lastKnownFileType = sourcecode.swift; path = InstagramUser.swift; sourceTree = "<group>"; };
		77B44F561F38B971001335C1 /* InstagramCommentRouter.swift */ = {isa = PBXFileReference; fileEncoding = 4; lastKnownFileType = sourcecode.swift; path = InstagramCommentRouter.swift; sourceTree = "<group>"; };
		77B44F571F38B971001335C1 /* InstagramLikeRouter.swift */ = {isa = PBXFileReference; fileEncoding = 4; lastKnownFileType = sourcecode.swift; path = InstagramLikeRouter.swift; sourceTree = "<group>"; };
		77B44F581F38B971001335C1 /* InstagramLocationRouter.swift */ = {isa = PBXFileReference; fileEncoding = 4; lastKnownFileType = sourcecode.swift; path = InstagramLocationRouter.swift; sourceTree = "<group>"; };
		77B44F591F38B971001335C1 /* InstagramMediaRouter.swift */ = {isa = PBXFileReference; fileEncoding = 4; lastKnownFileType = sourcecode.swift; path = InstagramMediaRouter.swift; sourceTree = "<group>"; };
		77B44F5A1F38B971001335C1 /* InstagramRelationshipRouter.swift */ = {isa = PBXFileReference; fileEncoding = 4; lastKnownFileType = sourcecode.swift; path = InstagramRelationshipRouter.swift; sourceTree = "<group>"; };
		77B44F5B1F38B971001335C1 /* InstagramTagRouter.swift */ = {isa = PBXFileReference; fileEncoding = 4; lastKnownFileType = sourcecode.swift; path = InstagramTagRouter.swift; sourceTree = "<group>"; };
		77B44F5C1F38B971001335C1 /* InstagramUserRouter.swift */ = {isa = PBXFileReference; fileEncoding = 4; lastKnownFileType = sourcecode.swift; path = InstagramUserRouter.swift; sourceTree = "<group>"; };
		77B44F5E1F38B971001335C1 /* InstagramArrayResponse.swift */ = {isa = PBXFileReference; fileEncoding = 4; lastKnownFileType = sourcecode.swift; path = InstagramArrayResponse.swift; sourceTree = "<group>"; };
		77B44F5F1F38B971001335C1 /* InstagramMetaResponse.swift */ = {isa = PBXFileReference; fileEncoding = 4; lastKnownFileType = sourcecode.swift; path = InstagramMetaResponse.swift; sourceTree = "<group>"; };
		77B44F601F38B971001335C1 /* InstagramModelResponse.swift */ = {isa = PBXFileReference; fileEncoding = 4; lastKnownFileType = sourcecode.swift; path = InstagramModelResponse.swift; sourceTree = "<group>"; };
		77B44F611F38B971001335C1 /* InstagramAPI.entitlements */ = {isa = PBXFileReference; fileEncoding = 4; lastKnownFileType = text.plist.entitlements; path = InstagramAPI.entitlements; sourceTree = "<group>"; };
		8432DA101F39DA89003EA868 /* RootViewController.swift */ = {isa = PBXFileReference; fileEncoding = 4; lastKnownFileType = sourcecode.swift; path = RootViewController.swift; sourceTree = "<group>"; };
		8432DA161F3B684B003EA868 /* InstagramRelationship.swift */ = {isa = PBXFileReference; fileEncoding = 4; lastKnownFileType = sourcecode.swift; path = InstagramRelationship.swift; sourceTree = "<group>"; };
		8432DA181F3B68FC003EA868 /* InstagramRelationship+Mappable.swift */ = {isa = PBXFileReference; fileEncoding = 4; lastKnownFileType = sourcecode.swift; path = "InstagramRelationship+Mappable.swift"; sourceTree = "<group>"; };
		9282E7A41DFDF9F700B7ACF3 /* InstagramAPI.app */ = {isa = PBXFileReference; explicitFileType = wrapper.application; includeInIndex = 0; path = InstagramAPI.app; sourceTree = BUILT_PRODUCTS_DIR; };
		B95F3BE642A2E5080D9D4100 /* Pods-InstagramAPI.debug.xcconfig */ = {isa = PBXFileReference; includeInIndex = 1; lastKnownFileType = text.xcconfig; name = "Pods-InstagramAPI.debug.xcconfig"; path = "Pods/Target Support Files/Pods-InstagramAPI/Pods-InstagramAPI.debug.xcconfig"; sourceTree = "<group>"; };
		E69210C6149D434F18B372DF /* Pods-InstagramAPI.release.xcconfig */ = {isa = PBXFileReference; includeInIndex = 1; lastKnownFileType = text.xcconfig; name = "Pods-InstagramAPI.release.xcconfig"; path = "Pods/Target Support Files/Pods-InstagramAPI/Pods-InstagramAPI.release.xcconfig"; sourceTree = "<group>"; };
/* End PBXFileReference section */

/* Begin PBXFrameworksBuildPhase section */
		9282E7A11DFDF9F700B7ACF3 /* Frameworks */ = {
			isa = PBXFrameworksBuildPhase;
			buildActionMask = 2147483647;
			files = (
				CC810FC75CEF97D19CEECE3D /* Pods_InstagramAPI.framework in Frameworks */,
			);
			runOnlyForDeploymentPostprocessing = 0;
		};
/* End PBXFrameworksBuildPhase section */

/* Begin PBXGroup section */
		10561CA1F55169174EF36333 /* Pods */ = {
			isa = PBXGroup;
			children = (
				B95F3BE642A2E5080D9D4100 /* Pods-InstagramAPI.debug.xcconfig */,
				E69210C6149D434F18B372DF /* Pods-InstagramAPI.release.xcconfig */,
			);
			name = Pods;
			sourceTree = "<group>";
		};
		5B9C65F5CBA6987BA106F3A7 /* Frameworks */ = {
			isa = PBXGroup;
			children = (
				08119A51AC04B8E0D9596D2F /* Pods_InstagramAPI.framework */,
			);
			name = Frameworks;
			sourceTree = "<group>";
		};
		77B44EF81F38B971001335C1 /* InstagramAPI */ = {
			isa = PBXGroup;
			children = (
				77B44EF91F38B971001335C1 /* AppDelegate.swift */,
				77B44F2C1F38B971001335C1 /* Instagram */,
				77B44EFF1F38B971001335C1 /* Example */,
				77B44F2B1F38B971001335C1 /* Info.plist */,
				77B44EFB1F38B971001335C1 /* LaunchScreen.storyboard */,
				77B44EFD1F38B971001335C1 /* Main.storyboard */,
				77B44EFA1F38B971001335C1 /* Assets.xcassets */,
				77B44F611F38B971001335C1 /* InstagramAPI.entitlements */,
			);
			path = InstagramAPI;
			sourceTree = "<group>";
		};
		77B44EFF1F38B971001335C1 /* Example */ = {
			isa = PBXGroup;
			children = (
				77B44F001F38B971001335C1 /* Extensions */,
				77B44F041F38B971001335C1 /* ViewControllers */,
			);
			path = Example;
			sourceTree = "<group>";
		};
		77B44F001F38B971001335C1 /* Extensions */ = {
			isa = PBXGroup;
			children = (
				77B44F011F38B971001335C1 /* Date+Extension.swift */,
				77B44F021F38B971001335C1 /* DateFormatter+Extension.swift */,
				77B44F031F38B971001335C1 /* String+Extensions.swift */,
			);
			path = Extensions;
			sourceTree = "<group>";
		};
		77B44F041F38B971001335C1 /* ViewControllers */ = {
			isa = PBXGroup;
			children = (
				77B44F1B1F38B971001335C1 /* Root */,
				77B44F241F38B971001335C1 /* User */,
				77B44F151F38B971001335C1 /* Relationship */,
				77B44F111F38B971001335C1 /* Media */,
				77B44F051F38B971001335C1 /* Comment */,
				77B44F091F38B971001335C1 /* Like */,
				77B44F0B1F38B971001335C1 /* Location */,
				77B44F1E1F38B971001335C1 /* Tag */,
			);
			path = ViewControllers;
			sourceTree = "<group>";
		};
		77B44F051F38B971001335C1 /* Comment */ = {
			isa = PBXGroup;
			children = (
				77B44F061F38B971001335C1 /* CommentCell.swift */,
				77B44F071F38B971001335C1 /* CommentIdViewController.swift */,
				77B44F081F38B971001335C1 /* CommentTableViewController.swift */,
			);
			path = Comment;
			sourceTree = "<group>";
		};
		77B44F091F38B971001335C1 /* Like */ = {
			isa = PBXGroup;
			children = (
				77B44F0A1F38B971001335C1 /* LikeViewController.swift */,
			);
			path = Like;
			sourceTree = "<group>";
		};
		77B44F0B1F38B971001335C1 /* Location */ = {
			isa = PBXGroup;
			children = (
				77B44F0C1F38B971001335C1 /* LocationRecentCell.swift */,
				77B44F0D1F38B971001335C1 /* LocationRecentViewController.swift */,
				77B44F0E1F38B971001335C1 /* LocationSearchCell.swift */,
				77B44F0F1F38B971001335C1 /* LocationSearchViewController.swift */,
				77B44F101F38B971001335C1 /* LocationViewController.swift */,
			);
			path = Location;
			sourceTree = "<group>";
		};
		77B44F111F38B971001335C1 /* Media */ = {
			isa = PBXGroup;
			children = (
				77B44F121F38B971001335C1 /* MediaSearchCell.swift */,
				77B44F131F38B971001335C1 /* MediaSearchViewController.swift */,
				77B44F141F38B971001335C1 /* MediaViewController.swift */,
			);
			path = Media;
			sourceTree = "<group>";
		};
		77B44F151F38B971001335C1 /* Relationship */ = {
			isa = PBXGroup;
			children = (
				77B44F171F38B971001335C1 /* RelationshipTableViewController.swift */,
				77B44F181F38B971001335C1 /* RelationshipTableViewModel.swift */,
				77B44F191F38B971001335C1 /* RelationshipViewController.swift */,
				77B44F161F38B971001335C1 /* RelationshipCell.swift */,
			);
			path = Relationship;
			sourceTree = "<group>";
		};
		77B44F1B1F38B971001335C1 /* Root */ = {
			isa = PBXGroup;
			children = (
				8432DA101F39DA89003EA868 /* RootViewController.swift */,
				77B44F1A1F38B971001335C1 /* RequestViewController.swift */,
				77B44F1C1F38B971001335C1 /* RequestCell.swift */,
			);
			path = Root;
			sourceTree = "<group>";
		};
		77B44F1E1F38B971001335C1 /* Tag */ = {
			isa = PBXGroup;
			children = (
				77B44F1F1F38B971001335C1 /* TagCell.swift */,
				77B44F201F38B971001335C1 /* TagNameViewController.swift */,
				77B44F211F38B971001335C1 /* TagRecentViewController.swift */,
				77B44F221F38B971001335C1 /* TagSearchCell.swift */,
				77B44F231F38B971001335C1 /* TagSearchViewController.swift */,
			);
			path = Tag;
			sourceTree = "<group>";
		};
		77B44F241F38B971001335C1 /* User */ = {
			isa = PBXGroup;
			children = (
				77B44F251F38B971001335C1 /* Cells */,
				77B44F281F38B971001335C1 /* UserMediaViewController.swift */,
				77B44F291F38B971001335C1 /* UserSearchViewController.swift */,
				77B44F2A1F38B971001335C1 /* UserViewController.swift */,
			);
			path = User;
			sourceTree = "<group>";
		};
		77B44F251F38B971001335C1 /* Cells */ = {
			isa = PBXGroup;
			children = (
				77B44F261F38B971001335C1 /* UserMediaCell.swift */,
				77B44F271F38B971001335C1 /* UserSearchCell.swift */,
			);
			path = Cells;
			sourceTree = "<group>";
		};
		77B44F2C1F38B971001335C1 /* Instagram */ = {
			isa = PBXGroup;
			children = (
				77B44F2D1F38B971001335C1 /* Helpers */,
				77B44F341F38B971001335C1 /* InstagramClient.swift */,
				77B44F351F38B971001335C1 /* Mapping */,
				77B44F4E1F38B971001335C1 /* Models */,
				77B44F551F38B971001335C1 /* Requests */,
				77B44F5D1F38B971001335C1 /* Responses */,
			);
			path = Instagram;
			sourceTree = "<group>";
		};
		77B44F2D1F38B971001335C1 /* Helpers */ = {
			isa = PBXGroup;
			children = (
				77B44F2E1F38B971001335C1 /* Instagram+AnyModel.swift */,
				77B44F2F1F38B971001335C1 /* Instagram+AnyNetworkRouter.swift */,
				77B44F301F38B971001335C1 /* Instagram+AnyRequest.swift */,
				77B44F311F38B971001335C1 /* Instagram+AnyResponse.swift */,
				77B44F321F38B971001335C1 /* Instagram+Constants.swift */,
				77B44F331F38B971001335C1 /* InstagramResponse+Models.swift */,
			);
			path = Helpers;
			sourceTree = "<group>";
		};
		77B44F351F38B971001335C1 /* Mapping */ = {
			isa = PBXGroup;
			children = (
				77B44F361F38B971001335C1 /* Models+Mappable */,
				77B44F3D1F38B971001335C1 /* Requests+Routable */,
				77B44F451F38B971001335C1 /* Response+Mappable */,
				77B44F491F38B971001335C1 /* Transforms */,
			);
			path = Mapping;
			sourceTree = "<group>";
		};
		77B44F361F38B971001335C1 /* Models+Mappable */ = {
			isa = PBXGroup;
			children = (
				77B44F3C1F38B971001335C1 /* InstagramUser+Mappable.swift */,
				8432DA181F3B68FC003EA868 /* InstagramRelationship+Mappable.swift */,
				77B44F3A1F38B971001335C1 /* InstagramMedia+Mappable.swift */,
				77B44F371F38B971001335C1 /* InstagramComment+Mappable.swift */,
				77B44F381F38B971001335C1 /* InstagramLike+Mappable.swift */,
				77B44F3B1F38B971001335C1 /* InstagramTag+Mappable.swift */,
				77B44F391F38B971001335C1 /* InstagramLocation+Mappable.swift */,
			);
			path = "Models+Mappable";
			sourceTree = "<group>";
		};
		77B44F3D1F38B971001335C1 /* Requests+Routable */ = {
			isa = PBXGroup;
			children = (
				77B44F431F38B971001335C1 /* InstagramUser+Routable.swift */,
				77B44F411F38B971001335C1 /* InstagramRelationshipRequest+Routable.swift */,
				77B44F401F38B971001335C1 /* InstagramMediaRequest+Routable.swift */,
				77B44F441F38B971001335C1 /* InstargamCommentRequest+Routable.swift */,
				77B44F3E1F38B971001335C1 /* InstagramLikeRequest+Routable.swift */,
				77B44F421F38B971001335C1 /* InstagramTagRequest+Routable.swift */,
				77B44F3F1F38B971001335C1 /* InstagramLocationRequest+Routable.swift */,
			);
			path = "Requests+Routable";
			sourceTree = "<group>";
		};
		77B44F451F38B971001335C1 /* Response+Mappable */ = {
			isa = PBXGroup;
			children = (
				77B44F461F38B971001335C1 /* InstagramArrayResponse+Mappable.swift */,
				77B44F471F38B971001335C1 /* InstagramMetaResponse+Mappable.swift */,
				77B44F481F38B971001335C1 /* InstagramModelResponse+Mappable.swift */,
			);
			path = "Response+Mappable";
			sourceTree = "<group>";
		};
		77B44F491F38B971001335C1 /* Transforms */ = {
			isa = PBXGroup;
			children = (
				77B44F4A1F38B971001335C1 /* InstagramDateTransform.swift */,
				77B44F4B1F38B971001335C1 /* InstagramMediaTypeTransform.swift */,
				77B44F4C1F38B971001335C1 /* InstagramMediaUrlTransform.swift */,
				77B44F4D1F38B971001335C1 /* InstagramMetaErrorTypeTransform.swift */,
			);
			path = Transforms;
			sourceTree = "<group>";
		};
		77B44F4E1F38B971001335C1 /* Models */ = {
			isa = PBXGroup;
			children = (
				77B44F541F38B971001335C1 /* InstagramUser.swift */,
				8432DA161F3B684B003EA868 /* InstagramRelationship.swift */,
				77B44F521F38B971001335C1 /* InstagramMedia.swift */,
				77B44F4F1F38B971001335C1 /* InstagramComment.swift */,
				77B44F501F38B971001335C1 /* InstagramLike.swift */,
				77B44F531F38B971001335C1 /* InstagramTag.swift */,
				77B44F511F38B971001335C1 /* InstagramLocation.swift */,
			);
			path = Models;
			sourceTree = "<group>";
		};
		77B44F551F38B971001335C1 /* Requests */ = {
			isa = PBXGroup;
			children = (
				77B44F5C1F38B971001335C1 /* InstagramUserRouter.swift */,
				77B44F5A1F38B971001335C1 /* InstagramRelationshipRouter.swift */,
				77B44F591F38B971001335C1 /* InstagramMediaRouter.swift */,
				77B44F561F38B971001335C1 /* InstagramCommentRouter.swift */,
				77B44F571F38B971001335C1 /* InstagramLikeRouter.swift */,
				77B44F5B1F38B971001335C1 /* InstagramTagRouter.swift */,
				77B44F581F38B971001335C1 /* InstagramLocationRouter.swift */,
			);
			path = Requests;
			sourceTree = "<group>";
		};
		77B44F5D1F38B971001335C1 /* Responses */ = {
			isa = PBXGroup;
			children = (
				77B44F5E1F38B971001335C1 /* InstagramArrayResponse.swift */,
				77B44F5F1F38B971001335C1 /* InstagramMetaResponse.swift */,
				77B44F601F38B971001335C1 /* InstagramModelResponse.swift */,
			);
			path = Responses;
			sourceTree = "<group>";
		};
		9282E79B1DFDF9F700B7ACF3 = {
			isa = PBXGroup;
			children = (
				77B44EF81F38B971001335C1 /* InstagramAPI */,
				9282E7A51DFDF9F700B7ACF3 /* Products */,
				10561CA1F55169174EF36333 /* Pods */,
				5B9C65F5CBA6987BA106F3A7 /* Frameworks */,
			);
			sourceTree = "<group>";
		};
		9282E7A51DFDF9F700B7ACF3 /* Products */ = {
			isa = PBXGroup;
			children = (
				9282E7A41DFDF9F700B7ACF3 /* InstagramAPI.app */,
			);
			name = Products;
			sourceTree = "<group>";
		};
/* End PBXGroup section */

/* Begin PBXNativeTarget section */
		9282E7A31DFDF9F700B7ACF3 /* InstagramAPI */ = {
			isa = PBXNativeTarget;
			buildConfigurationList = 9282E7B61DFDF9F700B7ACF3 /* Build configuration list for PBXNativeTarget "InstagramAPI" */;
			buildPhases = (
				A68ADCA98328F09DD9B39495 /* [CP] Check Pods Manifest.lock */,
				9282E7A01DFDF9F700B7ACF3 /* Sources */,
				9282E7A11DFDF9F700B7ACF3 /* Frameworks */,
				9282E7A21DFDF9F700B7ACF3 /* Resources */,
				E8856C3E50CAEA5DA12FA2C7 /* [CP] Embed Pods Frameworks */,
				075389F9B2235D4400BD9D62 /* [CP] Copy Pods Resources */,
				84397A7E1F41ADF00081BBBE /* SwiftLint */,
			);
			buildRules = (
			);
			dependencies = (
			);
			name = InstagramAPI;
			productName = InstagramAPI;
			productReference = 9282E7A41DFDF9F700B7ACF3 /* InstagramAPI.app */;
			productType = "com.apple.product-type.application";
		};
/* End PBXNativeTarget section */

/* Begin PBXProject section */
		9282E79C1DFDF9F700B7ACF3 /* Project object */ = {
			isa = PBXProject;
			attributes = {
				LastSwiftUpdateCheck = 0810;
				LastUpgradeCheck = 0830;
				ORGANIZATIONNAME = ConceptOffice;
				TargetAttributes = {
					9282E7A31DFDF9F700B7ACF3 = {
						CreatedOnToolsVersion = 8.1;
						DevelopmentTeam = LR4P8MK7R2;
						ProvisioningStyle = Automatic;
						SystemCapabilities = {
							com.apple.Keychain = {
								enabled = 1;
							};
						};
					};
				};
			};
			buildConfigurationList = 9282E79F1DFDF9F700B7ACF3 /* Build configuration list for PBXProject "InstagramAPI" */;
			compatibilityVersion = "Xcode 3.2";
			developmentRegion = English;
			hasScannedForEncodings = 0;
			knownRegions = (
				en,
				Base,
			);
			mainGroup = 9282E79B1DFDF9F700B7ACF3;
			productRefGroup = 9282E7A51DFDF9F700B7ACF3 /* Products */;
			projectDirPath = "";
			projectRoot = "";
			targets = (
				9282E7A31DFDF9F700B7ACF3 /* InstagramAPI */,
			);
		};
/* End PBXProject section */

/* Begin PBXResourcesBuildPhase section */
		9282E7A21DFDF9F700B7ACF3 /* Resources */ = {
			isa = PBXResourcesBuildPhase;
			buildActionMask = 2147483647;
			files = (
				77B44FB21F38B971001335C1 /* Info.plist in Resources */,
				77B44F911F38B971001335C1 /* Main.storyboard in Resources */,
				77B44F8F1F38B971001335C1 /* Assets.xcassets in Resources */,
				77B44F901F38B971001335C1 /* LaunchScreen.storyboard in Resources */,
			);
			runOnlyForDeploymentPostprocessing = 0;
		};
/* End PBXResourcesBuildPhase section */

/* Begin PBXShellScriptBuildPhase section */
		075389F9B2235D4400BD9D62 /* [CP] Copy Pods Resources */ = {
			isa = PBXShellScriptBuildPhase;
			buildActionMask = 2147483647;
			files = (
			);
			inputPaths = (
			);
			name = "[CP] Copy Pods Resources";
			outputPaths = (
			);
			runOnlyForDeploymentPostprocessing = 0;
			shellPath = /bin/sh;
			shellScript = "\"${SRCROOT}/Pods/Target Support Files/Pods-InstagramAPI/Pods-InstagramAPI-resources.sh\"\n";
			showEnvVarsInLog = 0;
		};
		84397A7E1F41ADF00081BBBE /* SwiftLint */ = {
			isa = PBXShellScriptBuildPhase;
			buildActionMask = 2147483647;
			files = (
			);
			inputPaths = (
			);
			name = SwiftLint;
			outputPaths = (
			);
			runOnlyForDeploymentPostprocessing = 0;
			shellPath = /bin/sh;
			shellScript = "if which swiftlint >/dev/null; then\nswiftlint autocorrect\nelse\necho \"warning: SwiftLint not installed, download from https://github.com/realm/SwiftLint\"\nfi";
		};
		A68ADCA98328F09DD9B39495 /* [CP] Check Pods Manifest.lock */ = {
			isa = PBXShellScriptBuildPhase;
			buildActionMask = 2147483647;
			files = (
			);
			inputPaths = (
			);
			name = "[CP] Check Pods Manifest.lock";
			outputPaths = (
			);
			runOnlyForDeploymentPostprocessing = 0;
			shellPath = /bin/sh;
			shellScript = "diff \"${PODS_ROOT}/../Podfile.lock\" \"${PODS_ROOT}/Manifest.lock\" > /dev/null\nif [ $? != 0 ] ; then\n    # print error to STDERR\n    echo \"error: The sandbox is not in sync with the Podfile.lock. Run 'pod install' or update your CocoaPods installation.\" >&2\n    exit 1\nfi\n";
			showEnvVarsInLog = 0;
		};
		E8856C3E50CAEA5DA12FA2C7 /* [CP] Embed Pods Frameworks */ = {
			isa = PBXShellScriptBuildPhase;
			buildActionMask = 2147483647;
			files = (
			);
			inputPaths = (
			);
			name = "[CP] Embed Pods Frameworks";
			outputPaths = (
			);
			runOnlyForDeploymentPostprocessing = 0;
			shellPath = /bin/sh;
			shellScript = "\"${SRCROOT}/Pods/Target Support Files/Pods-InstagramAPI/Pods-InstagramAPI-frameworks.sh\"\n";
			showEnvVarsInLog = 0;
		};
/* End PBXShellScriptBuildPhase section */

/* Begin PBXSourcesBuildPhase section */
		9282E7A01DFDF9F700B7ACF3 /* Sources */ = {
			isa = PBXSourcesBuildPhase;
			buildActionMask = 2147483647;
			files = (
				77B44FAA1F38B971001335C1 /* TagRecentViewController.swift in Sources */,
				77B44F9A1F38B971001335C1 /* LocationRecentViewController.swift in Sources */,
				77B44FC31F38B971001335C1 /* InstagramRelationshipRequest+Routable.swift in Sources */,
				8432DA111F39DA89003EA868 /* RootViewController.swift in Sources */,
				77B44FBE1F38B971001335C1 /* InstagramTag+Mappable.swift in Sources */,
				77B44FC11F38B971001335C1 /* InstagramLocationRequest+Routable.swift in Sources */,
				77B44FA61F38B971001335C1 /* RequestCell.swift in Sources */,
				77B44FB31F38B971001335C1 /* Instagram+AnyModel.swift in Sources */,
				77B44FCE1F38B971001335C1 /* InstagramComment.swift in Sources */,
				77B44FB71F38B971001335C1 /* Instagram+Constants.swift in Sources */,
				77B44FDD1F38B971001335C1 /* InstagramModelResponse.swift in Sources */,
				77B44FA91F38B971001335C1 /* TagNameViewController.swift in Sources */,
				77B44FC01F38B971001335C1 /* InstagramLikeRequest+Routable.swift in Sources */,
				77B44FC41F38B971001335C1 /* InstagramTagRequest+Routable.swift in Sources */,
				77B44FC91F38B971001335C1 /* InstagramModelResponse+Mappable.swift in Sources */,
				77B44FAF1F38B971001335C1 /* UserMediaViewController.swift in Sources */,
				77B44F9B1F38B971001335C1 /* LocationSearchCell.swift in Sources */,
				77B44FC51F38B971001335C1 /* InstagramUser+Routable.swift in Sources */,
				77B44FBF1F38B971001335C1 /* InstagramUser+Mappable.swift in Sources */,
				77B44FB61F38B971001335C1 /* Instagram+AnyResponse.swift in Sources */,
				77B44FCD1F38B971001335C1 /* InstagramMetaErrorTypeTransform.swift in Sources */,
				77B44FB41F38B971001335C1 /* Instagram+AnyNetworkRouter.swift in Sources */,
				77B44FA51F38B971001335C1 /* RequestViewController.swift in Sources */,
				77B44F951F38B971001335C1 /* CommentCell.swift in Sources */,
				77B44FA11F38B971001335C1 /* RelationshipCell.swift in Sources */,
				77B44FA01F38B971001335C1 /* MediaViewController.swift in Sources */,
				77B44FAC1F38B971001335C1 /* TagSearchViewController.swift in Sources */,
				77B44FD31F38B971001335C1 /* InstagramUser.swift in Sources */,
				77B44FD71F38B971001335C1 /* InstagramMediaRouter.swift in Sources */,
				77B44FD61F38B971001335C1 /* InstagramLocationRouter.swift in Sources */,
				77B44FAE1F38B971001335C1 /* UserSearchCell.swift in Sources */,
				77B44FCC1F38B971001335C1 /* InstagramMediaUrlTransform.swift in Sources */,
				77B44FD91F38B971001335C1 /* InstagramTagRouter.swift in Sources */,
				77B44F971F38B971001335C1 /* CommentTableViewController.swift in Sources */,
				77B44FBC1F38B971001335C1 /* InstagramLocation+Mappable.swift in Sources */,
				77B44FC21F38B971001335C1 /* InstagramMediaRequest+Routable.swift in Sources */,
				77B44FB01F38B971001335C1 /* UserSearchViewController.swift in Sources */,
				77B44F961F38B971001335C1 /* CommentIdViewController.swift in Sources */,
				77B44FC81F38B971001335C1 /* InstagramMetaResponse+Mappable.swift in Sources */,
				77B44FBB1F38B971001335C1 /* InstagramLike+Mappable.swift in Sources */,
				77B44F941F38B971001335C1 /* String+Extensions.swift in Sources */,
				77B44FB81F38B971001335C1 /* InstagramResponse+Models.swift in Sources */,
				77B44FBD1F38B971001335C1 /* InstagramMedia+Mappable.swift in Sources */,
				77B44F991F38B971001335C1 /* LocationRecentCell.swift in Sources */,
				77B44FAD1F38B971001335C1 /* UserMediaCell.swift in Sources */,
				77B44FC61F38B971001335C1 /* InstargamCommentRequest+Routable.swift in Sources */,
				77B44F9D1F38B971001335C1 /* LocationViewController.swift in Sources */,
				77B44FD21F38B971001335C1 /* InstagramTag.swift in Sources */,
				77B44FAB1F38B971001335C1 /* TagSearchCell.swift in Sources */,
				8432DA171F3B684B003EA868 /* InstagramRelationship.swift in Sources */,
				77B44FA31F38B971001335C1 /* RelationshipTableViewModel.swift in Sources */,
				77B44FDB1F38B971001335C1 /* InstagramArrayResponse.swift in Sources */,
				77B44F9C1F38B971001335C1 /* LocationSearchViewController.swift in Sources */,
				77B44FCA1F38B971001335C1 /* InstagramDateTransform.swift in Sources */,
				8432DA191F3B68FC003EA868 /* InstagramRelationship+Mappable.swift in Sources */,
				77B44F8E1F38B971001335C1 /* AppDelegate.swift in Sources */,
				77B44FB91F38B971001335C1 /* InstagramClient.swift in Sources */,
				77B44FD01F38B971001335C1 /* InstagramLocation.swift in Sources */,
				77B44F9E1F38B971001335C1 /* MediaSearchCell.swift in Sources */,
				77B44FCF1F38B971001335C1 /* InstagramLike.swift in Sources */,
				77B44FD41F38B971001335C1 /* InstagramCommentRouter.swift in Sources */,
				77B44FDA1F38B971001335C1 /* InstagramUserRouter.swift in Sources */,
				77B44FB11F38B971001335C1 /* UserViewController.swift in Sources */,
				77B44FBA1F38B971001335C1 /* InstagramComment+Mappable.swift in Sources */,
				77B44FD11F38B971001335C1 /* InstagramMedia.swift in Sources */,
				77B44F921F38B971001335C1 /* Date+Extension.swift in Sources */,
				77B44F9F1F38B971001335C1 /* MediaSearchViewController.swift in Sources */,
				77B44FCB1F38B971001335C1 /* InstagramMediaTypeTransform.swift in Sources */,
				77B44FD51F38B971001335C1 /* InstagramLikeRouter.swift in Sources */,
				77B44FD81F38B971001335C1 /* InstagramRelationshipRouter.swift in Sources */,
				77B44FA41F38B971001335C1 /* RelationshipViewController.swift in Sources */,
				77B44FB51F38B971001335C1 /* Instagram+AnyRequest.swift in Sources */,
				77B44FA81F38B971001335C1 /* TagCell.swift in Sources */,
				77B44F931F38B971001335C1 /* DateFormatter+Extension.swift in Sources */,
				77B44FC71F38B971001335C1 /* InstagramArrayResponse+Mappable.swift in Sources */,
				77B44F981F38B971001335C1 /* LikeViewController.swift in Sources */,
				77B44FDC1F38B971001335C1 /* InstagramMetaResponse.swift in Sources */,
				77B44FA21F38B971001335C1 /* RelationshipTableViewController.swift in Sources */,
			);
			runOnlyForDeploymentPostprocessing = 0;
		};
/* End PBXSourcesBuildPhase section */

/* Begin PBXVariantGroup section */
		77B44EFB1F38B971001335C1 /* LaunchScreen.storyboard */ = {
			isa = PBXVariantGroup;
			children = (
				77B44EFC1F38B971001335C1 /* Base */,
			);
			name = LaunchScreen.storyboard;
			sourceTree = "<group>";
		};
		77B44EFD1F38B971001335C1 /* Main.storyboard */ = {
			isa = PBXVariantGroup;
			children = (
				77B44EFE1F38B971001335C1 /* Base */,
			);
			name = Main.storyboard;
			sourceTree = "<group>";
		};
/* End PBXVariantGroup section */

/* Begin XCBuildConfiguration section */
		9282E7B41DFDF9F700B7ACF3 /* Debug */ = {
			isa = XCBuildConfiguration;
			buildSettings = {
				ALWAYS_SEARCH_USER_PATHS = NO;
				CLANG_ANALYZER_NONNULL = YES;
				CLANG_CXX_LANGUAGE_STANDARD = "gnu++0x";
				CLANG_CXX_LIBRARY = "libc++";
				CLANG_ENABLE_MODULES = YES;
				CLANG_ENABLE_OBJC_ARC = YES;
				CLANG_WARN_BOOL_CONVERSION = YES;
				CLANG_WARN_CONSTANT_CONVERSION = YES;
				CLANG_WARN_DIRECT_OBJC_ISA_USAGE = YES_ERROR;
				CLANG_WARN_DOCUMENTATION_COMMENTS = YES;
				CLANG_WARN_EMPTY_BODY = YES;
				CLANG_WARN_ENUM_CONVERSION = YES;
				CLANG_WARN_INFINITE_RECURSION = YES;
				CLANG_WARN_INT_CONVERSION = YES;
				CLANG_WARN_OBJC_ROOT_CLASS = YES_ERROR;
				CLANG_WARN_SUSPICIOUS_MOVE = YES;
				CLANG_WARN_SUSPICIOUS_MOVES = YES;
				CLANG_WARN_UNREACHABLE_CODE = YES;
				CLANG_WARN__DUPLICATE_METHOD_MATCH = YES;
				"CODE_SIGN_IDENTITY[sdk=iphoneos*]" = "iPhone Developer";
				COPY_PHASE_STRIP = NO;
				DEBUG_INFORMATION_FORMAT = dwarf;
				ENABLE_STRICT_OBJC_MSGSEND = YES;
				ENABLE_TESTABILITY = YES;
				GCC_C_LANGUAGE_STANDARD = gnu99;
				GCC_DYNAMIC_NO_PIC = NO;
				GCC_NO_COMMON_BLOCKS = YES;
				GCC_OPTIMIZATION_LEVEL = 0;
				GCC_PREPROCESSOR_DEFINITIONS = (
					"DEBUG=1",
					"$(inherited)",
				);
				GCC_WARN_64_TO_32_BIT_CONVERSION = YES;
				GCC_WARN_ABOUT_RETURN_TYPE = YES_ERROR;
				GCC_WARN_UNDECLARED_SELECTOR = YES;
				GCC_WARN_UNINITIALIZED_AUTOS = YES_AGGRESSIVE;
				GCC_WARN_UNUSED_FUNCTION = YES;
				GCC_WARN_UNUSED_VARIABLE = YES;
				IPHONEOS_DEPLOYMENT_TARGET = 10.1;
				MTL_ENABLE_DEBUG_INFO = YES;
				ONLY_ACTIVE_ARCH = YES;
				SDKROOT = iphoneos;
				SWIFT_ACTIVE_COMPILATION_CONDITIONS = DEBUG;
				SWIFT_OPTIMIZATION_LEVEL = "-Onone";
			};
			name = Debug;
		};
		9282E7B51DFDF9F700B7ACF3 /* Release */ = {
			isa = XCBuildConfiguration;
			buildSettings = {
				ALWAYS_SEARCH_USER_PATHS = NO;
				CLANG_ANALYZER_NONNULL = YES;
				CLANG_CXX_LANGUAGE_STANDARD = "gnu++0x";
				CLANG_CXX_LIBRARY = "libc++";
				CLANG_ENABLE_MODULES = YES;
				CLANG_ENABLE_OBJC_ARC = YES;
				CLANG_WARN_BOOL_CONVERSION = YES;
				CLANG_WARN_CONSTANT_CONVERSION = YES;
				CLANG_WARN_DIRECT_OBJC_ISA_USAGE = YES_ERROR;
				CLANG_WARN_DOCUMENTATION_COMMENTS = YES;
				CLANG_WARN_EMPTY_BODY = YES;
				CLANG_WARN_ENUM_CONVERSION = YES;
				CLANG_WARN_INFINITE_RECURSION = YES;
				CLANG_WARN_INT_CONVERSION = YES;
				CLANG_WARN_OBJC_ROOT_CLASS = YES_ERROR;
				CLANG_WARN_SUSPICIOUS_MOVE = YES;
				CLANG_WARN_SUSPICIOUS_MOVES = YES;
				CLANG_WARN_UNREACHABLE_CODE = YES;
				CLANG_WARN__DUPLICATE_METHOD_MATCH = YES;
				"CODE_SIGN_IDENTITY[sdk=iphoneos*]" = "iPhone Developer";
				COPY_PHASE_STRIP = NO;
				DEBUG_INFORMATION_FORMAT = "dwarf-with-dsym";
				ENABLE_NS_ASSERTIONS = NO;
				ENABLE_STRICT_OBJC_MSGSEND = YES;
				GCC_C_LANGUAGE_STANDARD = gnu99;
				GCC_NO_COMMON_BLOCKS = YES;
				GCC_WARN_64_TO_32_BIT_CONVERSION = YES;
				GCC_WARN_ABOUT_RETURN_TYPE = YES_ERROR;
				GCC_WARN_UNDECLARED_SELECTOR = YES;
				GCC_WARN_UNINITIALIZED_AUTOS = YES_AGGRESSIVE;
				GCC_WARN_UNUSED_FUNCTION = YES;
				GCC_WARN_UNUSED_VARIABLE = YES;
				IPHONEOS_DEPLOYMENT_TARGET = 10.1;
				MTL_ENABLE_DEBUG_INFO = NO;
				SDKROOT = iphoneos;
				SWIFT_OPTIMIZATION_LEVEL = "-Owholemodule";
				VALIDATE_PRODUCT = YES;
			};
			name = Release;
		};
		9282E7B71DFDF9F700B7ACF3 /* Debug */ = {
			isa = XCBuildConfiguration;
			baseConfigurationReference = B95F3BE642A2E5080D9D4100 /* Pods-InstagramAPI.debug.xcconfig */;
			buildSettings = {
				ALWAYS_EMBED_SWIFT_STANDARD_LIBRARIES = YES;
				ASSETCATALOG_COMPILER_APPICON_NAME = AppIcon;
				CODE_SIGN_ENTITLEMENTS = InstagramAPI/InstagramAPI.entitlements;
				DEVELOPMENT_TEAM = LR4P8MK7R2;
				INFOPLIST_FILE = InstagramAPI/Info.plist;
				LD_RUNPATH_SEARCH_PATHS = "$(inherited) @executable_path/Frameworks";
				PRODUCT_BUNDLE_IDENTIFIER = com.conceptoffice.InstagramAPI;
				PRODUCT_NAME = "$(TARGET_NAME)";
				SWIFT_VERSION = 3.0;
			};
			name = Debug;
		};
		9282E7B81DFDF9F700B7ACF3 /* Release */ = {
			isa = XCBuildConfiguration;
			baseConfigurationReference = E69210C6149D434F18B372DF /* Pods-InstagramAPI.release.xcconfig */;
			buildSettings = {
				ALWAYS_EMBED_SWIFT_STANDARD_LIBRARIES = YES;
				ASSETCATALOG_COMPILER_APPICON_NAME = AppIcon;
				CODE_SIGN_ENTITLEMENTS = InstagramAPI/InstagramAPI.entitlements;
				DEVELOPMENT_TEAM = LR4P8MK7R2;
				INFOPLIST_FILE = InstagramAPI/Info.plist;
				LD_RUNPATH_SEARCH_PATHS = "$(inherited) @executable_path/Frameworks";
				PRODUCT_BUNDLE_IDENTIFIER = com.conceptoffice.InstagramAPI;
				PRODUCT_NAME = "$(TARGET_NAME)";
				SWIFT_VERSION = 3.0;
			};
			name = Release;
		};
/* End XCBuildConfiguration section */

/* Begin XCConfigurationList section */
		9282E79F1DFDF9F700B7ACF3 /* Build configuration list for PBXProject "InstagramAPI" */ = {
			isa = XCConfigurationList;
			buildConfigurations = (
				9282E7B41DFDF9F700B7ACF3 /* Debug */,
				9282E7B51DFDF9F700B7ACF3 /* Release */,
			);
			defaultConfigurationIsVisible = 0;
			defaultConfigurationName = Release;
		};
		9282E7B61DFDF9F700B7ACF3 /* Build configuration list for PBXNativeTarget "InstagramAPI" */ = {
			isa = XCConfigurationList;
			buildConfigurations = (
				9282E7B71DFDF9F700B7ACF3 /* Debug */,
				9282E7B81DFDF9F700B7ACF3 /* Release */,
			);
			defaultConfigurationIsVisible = 0;
			defaultConfigurationName = Release;
		};
/* End XCConfigurationList section */
	};
	rootObject = 9282E79C1DFDF9F700B7ACF3 /* Project object */;
}
